{
  "originHash" : "9c8ae04d1c889d408e39ed517730bd62a1407637e355074731955853d5e52360",
  "pins" : [
    {
      "identity" : "oggdecoder",
      "kind" : "remoteSourceControl",
      "location" : "https://github.com/arkasas/OggDecoder.git",
      "state" : {
        "branch" : "main",
        "revision" : "65e1465e593d2b0be6ac12256f2866a18d26e211"
      }
    }
  ],
  "version" : 3
}
