// !$*UTF8*$!
{
	archiveVersion = 1;
	classes = {
	};
	objectVersion = 60;
	objects = {

/* Begin PBXBuildFile section */
		870BE8AF2BE0EEFB00D6B1BF /* AddItemRoute.swift in Sources */ = {isa = PBXBuildFile; fileRef = 870BE8AE2BE0EEFB00D6B1BF /* AddItemRoute.swift */; };
		870BE8B12BE210F000D6B1BF /* CachedImageAsync.swift in Sources */ = {isa = PBXBuildFile; fileRef = 870BE8B02BE210F000D6B1BF /* CachedImageAsync.swift */; };
		870BE8B32BE2111100D6B1BF /* PokeballImageAsync.swift in Sources */ = {isa = PBXBuildFile; fileRef = 870BE8B22BE2111100D6B1BF /* PokeballImageAsync.swift */; };
		870BE8B82BE21D5100D6B1BF /* OggDecoder in Frameworks */ = {isa = PBXBuildFile; productRef = 870BE8B72BE21D5100D6B1BF /* OggDecoder */; };
		870BE8BB2BE2247300D6B1BF /* MutableModifier.swift in Sources */ = {isa = PBXBuildFile; fileRef = 870BE8BA2BE2247300D6B1BF /* MutableModifier.swift */; };
		870BE8BD2BE250F900D6B1BF /* SelectionIndicatorView.swift in Sources */ = {isa = PBXBuildFile; fileRef = 870BE8BC2BE250F900D6B1BF /* SelectionIndicatorView.swift */; };
		870BE8BF2BE2522000D6B1BF /* SelectableCellModifier.swift in Sources */ = {isa = PBXBuildFile; fileRef = 870BE8BE2BE2522000D6B1BF /* SelectableCellModifier.swift */; };
		870BE8C12BE2598400D6B1BF /* ItemCell.swift in Sources */ = {isa = PBXBuildFile; fileRef = 870BE8C02BE2598400D6B1BF /* ItemCell.swift */; };
		871ADCA52BE8E1A10017C9D3 /* GoogleService-Info.plist in Resources */ = {isa = PBXBuildFile; fileRef = 871ADCA42BE8E1A10017C9D3 /* GoogleService-Info.plist */; };
		871ADCAE2BE8E2B30017C9D3 /* FirebaseAnalytics in Frameworks */ = {isa = PBXBuildFile; productRef = 871ADCAD2BE8E2B30017C9D3 /* FirebaseAnalytics */; };
		871ADCB02BE8E2B30017C9D3 /* FirebaseCrashlytics in Frameworks */ = {isa = PBXBuildFile; productRef = 871ADCAF2BE8E2B30017C9D3 /* FirebaseCrashlytics */; };
		871ADCB52BE9F9930017C9D3 /* View + Extension.swift in Sources */ = {isa = PBXBuildFile; fileRef = 871ADCB42BE9F9930017C9D3 /* View + Extension.swift */; };
		871DE6132BEA209C0009C885 /* MoveMethodList.swift in Sources */ = {isa = PBXBuildFile; fileRef = 871DE6122BEA209C0009C885 /* MoveMethodList.swift */; };
		87313BBD2BEA9FC60081DD85 /* SDTeam+Extensions.swift in Sources */ = {isa = PBXBuildFile; fileRef = 87313BBC2BEA9FC60081DD85 /* SDTeam+Extensions.swift */; };
		87313BBF2BEAA0220081DD85 /* Preview+Extension.swift in Sources */ = {isa = PBXBuildFile; fileRef = 87313BBE2BEAA0220081DD85 /* Preview+Extension.swift */; };
		87313BC32BEAA0B50081DD85 /* PokemonNameReader+Extension.swift in Sources */ = {isa = PBXBuildFile; fileRef = 87313BC22BEAA0B50081DD85 /* PokemonNameReader+Extension.swift */; };
		87313BC52BEAA4520081DD85 /* ScrollFetchPokemonQuery+Extensions.swift in Sources */ = {isa = PBXBuildFile; fileRef = 87313BC42BEAA4520081DD85 /* ScrollFetchPokemonQuery+Extensions.swift */; };
		87313BC72BEAA47B0081DD85 /* ScrollFetchItemQuery + Extension.swift in Sources */ = {isa = PBXBuildFile; fileRef = 87313BC62BEAA47B0081DD85 /* ScrollFetchItemQuery + Extension.swift */; };
		87313BC92BEAA4F90081DD85 /* EnvironmentValues + Extension.swift in Sources */ = {isa = PBXBuildFile; fileRef = 87313BC82BEAA4F90081DD85 /* EnvironmentValues + Extension.swift */; };
		87313BCB2BEB5BE90081DD85 /* JsonReader+Extension.swift in Sources */ = {isa = PBXBuildFile; fileRef = 87313BCA2BEB5BE90081DD85 /* JsonReader+Extension.swift */; };
		87313BCE2BEB5D3E0081DD85 /* Resources in Frameworks */ = {isa = PBXBuildFile; productRef = 87313BCD2BEB5D3E0081DD85 /* Resources */; };
		87313BD12BEB65240081DD85 /* Tools in Frameworks */ = {isa = PBXBuildFile; productRef = 87313BD02BEB65240081DD85 /* Tools */; };
		87313BD92BEB71010081DD85 /* DI in Frameworks */ = {isa = PBXBuildFile; productRef = 87313BD82BEB71010081DD85 /* DI */; };
		874FB3AF2BD4C09200B9F232 /* DescriptionByVersionModel.swift in Sources */ = {isa = PBXBuildFile; fileRef = 874FB3AE2BD4C09200B9F232 /* DescriptionByVersionModel.swift */; };
		874FB3B22BD4C12F00B9F232 /* DescriptionScreen.swift in Sources */ = {isa = PBXBuildFile; fileRef = 874FB3B12BD4C12F00B9F232 /* DescriptionScreen.swift */; };
		874FB3B42BD4D3BA00B9F232 /* ScrollPickerView.swift in Sources */ = {isa = PBXBuildFile; fileRef = 874FB3B32BD4D3BA00B9F232 /* ScrollPickerView.swift */; };
		876A79952BCFEB3800E8E210 /* PokedexIOSApp.swift in Sources */ = {isa = PBXBuildFile; fileRef = 876A79942BCFEB3800E8E210 /* PokedexIOSApp.swift */; };
		876A799C2BCFEB3800E8E210 /* RootView.swift in Sources */ = {isa = PBXBuildFile; fileRef = 876A799B2BCFEB3800E8E210 /* RootView.swift */; };
		876A799E2BCFEB3B00E8E210 /* Assets.xcassets in Resources */ = {isa = PBXBuildFile; fileRef = 876A799D2BCFEB3B00E8E210 /* Assets.xcassets */; };
		876A79A22BCFEB3B00E8E210 /* Preview Assets.xcassets in Resources */ = {isa = PBXBuildFile; fileRef = 876A79A12BCFEB3B00E8E210 /* Preview Assets.xcassets */; };
		876A79DC2BD0154700E8E210 /* PaginatedList.swift in Sources */ = {isa = PBXBuildFile; fileRef = 876A79DB2BD0154700E8E210 /* PaginatedList.swift */; };
		876A79DE2BD0183600E8E210 /* PokemonScrollCell.swift in Sources */ = {isa = PBXBuildFile; fileRef = 876A79DD2BD0183600E8E210 /* PokemonScrollCell.swift */; };
		876A79E02BD01A2B00E8E210 /* PokemonScrollScreen.swift in Sources */ = {isa = PBXBuildFile; fileRef = 876A79DF2BD01A2B00E8E210 /* PokemonScrollScreen.swift */; };
		876A79E32BD01BD500E8E210 /* LocalPokemon.swift in Sources */ = {isa = PBXBuildFile; fileRef = 876A79E22BD01BD500E8E210 /* LocalPokemon.swift */; };
		876A79E62BD039DF00E8E210 /* PokemonDetailScreen.swift in Sources */ = {isa = PBXBuildFile; fileRef = 876A79E52BD039DF00E8E210 /* PokemonDetailScreen.swift */; };
		876A79E82BD03A0F00E8E210 /* PokemonGenerationSegmentView.swift in Sources */ = {isa = PBXBuildFile; fileRef = 876A79E72BD03A0F00E8E210 /* PokemonGenerationSegmentView.swift */; };
		876A79EE2BD103FE00E8E210 /* ScaleAsyncImage.swift in Sources */ = {isa = PBXBuildFile; fileRef = 876A79ED2BD103FE00E8E210 /* ScaleAsyncImage.swift */; };
		876A79F12BD1045800E8E210 /* GenModel.swift in Sources */ = {isa = PBXBuildFile; fileRef = 876A79F02BD1045800E8E210 /* GenModel.swift */; };
		876A79F32BD1046900E8E210 /* SegmentData.swift in Sources */ = {isa = PBXBuildFile; fileRef = 876A79F22BD1046900E8E210 /* SegmentData.swift */; };
		876A79F52BD1048500E8E210 /* PokemonDetailsProvider.swift in Sources */ = {isa = PBXBuildFile; fileRef = 876A79F42BD1048500E8E210 /* PokemonDetailsProvider.swift */; };
		876A79F72BD1061600E8E210 /* PokemonDisplayStat.swift in Sources */ = {isa = PBXBuildFile; fileRef = 876A79F62BD1061600E8E210 /* PokemonDisplayStat.swift */; };
		876A79FA2BD1070700E8E210 /* StatShape.swift in Sources */ = {isa = PBXBuildFile; fileRef = 876A79F92BD1070700E8E210 /* StatShape.swift */; };
		876A79FC2BD113FA00E8E210 /* StatBackgroundShape.swift in Sources */ = {isa = PBXBuildFile; fileRef = 876A79FB2BD113FA00E8E210 /* StatBackgroundShape.swift */; };
		876A79FE2BD1141300E8E210 /* PokemonStatView.swift in Sources */ = {isa = PBXBuildFile; fileRef = 876A79FD2BD1141300E8E210 /* PokemonStatView.swift */; };
		876A7A042BD2793B00E8E210 /* PokemonAbilityView.swift in Sources */ = {isa = PBXBuildFile; fileRef = 876A7A032BD2793B00E8E210 /* PokemonAbilityView.swift */; };
		876A7A072BD27C1400E8E210 /* PokemonListAbilityView.swift in Sources */ = {isa = PBXBuildFile; fileRef = 876A7A062BD27C1400E8E210 /* PokemonListAbilityView.swift */; };
		876A7A132BD283F200E8E210 /* PokemonAbitilyDetails.swift in Sources */ = {isa = PBXBuildFile; fileRef = 876A7A122BD283F200E8E210 /* PokemonAbitilyDetails.swift */; };
		876A7A1B2BD299CD00E8E210 /* PokemonGridScreen.swift in Sources */ = {isa = PBXBuildFile; fileRef = 876A7A1A2BD299CD00E8E210 /* PokemonGridScreen.swift */; };
		876A7A1E2BD29E9A00E8E210 /* PokemonGridListView.swift in Sources */ = {isa = PBXBuildFile; fileRef = 876A7A1D2BD29E9A00E8E210 /* PokemonGridListView.swift */; };
		876A7A202BD29ECF00E8E210 /* PokemonGridCell.swift in Sources */ = {isa = PBXBuildFile; fileRef = 876A7A1F2BD29ECF00E8E210 /* PokemonGridCell.swift */; };
		876A7ABF2BD3D4B100E8E210 /* EvolutionListView.swift in Sources */ = {isa = PBXBuildFile; fileRef = 876A7ABE2BD3D4B100E8E210 /* EvolutionListView.swift */; };
		876A7AC42BD3DEF300E8E210 /* SpeciesModel.swift in Sources */ = {isa = PBXBuildFile; fileRef = 876A7AC32BD3DEF300E8E210 /* SpeciesModel.swift */; };
		876A7AC62BD3E67F00E8E210 /* EvolutionListViewCell.swift in Sources */ = {isa = PBXBuildFile; fileRef = 876A7AC52BD3E67F00E8E210 /* EvolutionListViewCell.swift */; };
		877BA8EE2BE0E0BF00374D74 /* PokemonItemScreen.swift in Sources */ = {isa = PBXBuildFile; fileRef = 877BA8ED2BE0E0BF00374D74 /* PokemonItemScreen.swift */; };
		877BA8F52BE0E28600374D74 /* PokemonItemSelectionScreen.swift in Sources */ = {isa = PBXBuildFile; fileRef = 877BA8F42BE0E28600374D74 /* PokemonItemSelectionScreen.swift */; };
		878D73832BD5392D00DAE405 /* MoveScreen.swift in Sources */ = {isa = PBXBuildFile; fileRef = 878D73822BD5392D00DAE405 /* MoveScreen.swift */; };
		878D738A2BD5408800DAE405 /* MoveViewCell.swift in Sources */ = {isa = PBXBuildFile; fileRef = 878D73892BD5408800DAE405 /* MoveViewCell.swift */; };
		878D738D2BD54DA000DAE405 /* MoveRoute.swift in Sources */ = {isa = PBXBuildFile; fileRef = 878D738C2BD54DA000DAE405 /* MoveRoute.swift */; };
		878D73922BD54EC700DAE405 /* DescriptionRoute.swift in Sources */ = {isa = PBXBuildFile; fileRef = 878D73912BD54EC700DAE405 /* DescriptionRoute.swift */; };
		878D73942BD6567B00DAE405 /* String+Extension.swift in Sources */ = {isa = PBXBuildFile; fileRef = 878D73932BD6567B00DAE405 /* String+Extension.swift */; };
		87ACE8662BECA3C60028EC64 /* Color+ Extension.swift in Sources */ = {isa = PBXBuildFile; fileRef = 87ACE8652BECA3C60028EC64 /* Color+ Extension.swift */; };
		87ACE8682BECA5710028EC64 /* PokemonType + Extension.swift in Sources */ = {isa = PBXBuildFile; fileRef = 87ACE8672BECA5710028EC64 /* PokemonType + Extension.swift */; };
		87ACE86A2BECC7C30028EC64 /* Move + Extension.swift in Sources */ = {isa = PBXBuildFile; fileRef = 87ACE8692BECC7C30028EC64 /* Move + Extension.swift */; };
		87ACE86C2BECC99C0028EC64 /* ShrinkText.swift in Sources */ = {isa = PBXBuildFile; fileRef = 87ACE86B2BECC99C0028EC64 /* ShrinkText.swift */; };
		87ACE86F2BECD46D0028EC64 /* StartSharingView.swift in Sources */ = {isa = PBXBuildFile; fileRef = 87ACE86E2BECD46D0028EC64 /* StartSharingView.swift */; };
		87ACE8712BECDC610028EC64 /* SearchingUserView.swift in Sources */ = {isa = PBXBuildFile; fileRef = 87ACE8702BECDC610028EC64 /* SearchingUserView.swift */; };
		87ACE8732BED0A060028EC64 /* PairingAlertModifier.swift in Sources */ = {isa = PBXBuildFile; fileRef = 87ACE8722BED0A060028EC64 /* PairingAlertModifier.swift */; };
		87ACE8752BED0CFE0028EC64 /* ShareTeamRoute.swift in Sources */ = {isa = PBXBuildFile; fileRef = 87ACE8742BED0CFE0028EC64 /* ShareTeamRoute.swift */; };
		87ACE8772BEDEFE10028EC64 /* PokemonTypeListView.swift in Sources */ = {isa = PBXBuildFile; fileRef = 87ACE8762BEDEFE10028EC64 /* PokemonTypeListView.swift */; };
		87DADE5B2BD7BFF300457062 /* PokemonMoveDetailsScreen.swift in Sources */ = {isa = PBXBuildFile; fileRef = 87DADE5A2BD7BFF300457062 /* PokemonMoveDetailsScreen.swift */; };
		87DADE5D2BD7C0D800457062 /* MoveDetailsRoute.swift in Sources */ = {isa = PBXBuildFile; fileRef = 87DADE5C2BD7C0D800457062 /* MoveDetailsRoute.swift */; };
		87DADE602BD7C44100457062 /* MoveItemDataHolder.swift in Sources */ = {isa = PBXBuildFile; fileRef = 87DADE5F2BD7C44100457062 /* MoveItemDataHolder.swift */; };
		87DADE622BD7C45100457062 /* MoveNameItem.swift in Sources */ = {isa = PBXBuildFile; fileRef = 87DADE612BD7C45100457062 /* MoveNameItem.swift */; };
		87DADE642BD7C46300457062 /* MoveEffectItem.swift in Sources */ = {isa = PBXBuildFile; fileRef = 87DADE632BD7C46300457062 /* MoveEffectItem.swift */; };
		87DADE662BD7C48600457062 /* MoveMachineModel.swift in Sources */ = {isa = PBXBuildFile; fileRef = 87DADE652BD7C48600457062 /* MoveMachineModel.swift */; };
		87DADE692BD7C64F00457062 /* PhysicalMoveShape.swift in Sources */ = {isa = PBXBuildFile; fileRef = 87DADE682BD7C64F00457062 /* PhysicalMoveShape.swift */; };
		87DADE6B2BD7CCE200457062 /* StatusMoveShape.swift in Sources */ = {isa = PBXBuildFile; fileRef = 87DADE6A2BD7CCE200457062 /* StatusMoveShape.swift */; };
		87DADE6E2BD7D85500457062 /* PhysicalMoveView.swift in Sources */ = {isa = PBXBuildFile; fileRef = 87DADE6D2BD7D85500457062 /* PhysicalMoveView.swift */; };
		87DADE712BD7D89200457062 /* StatusMoveView.swift in Sources */ = {isa = PBXBuildFile; fileRef = 87DADE702BD7D89200457062 /* StatusMoveView.swift */; };
		87DADE742BD7D8B200457062 /* SpecialMoveShape.swift in Sources */ = {isa = PBXBuildFile; fileRef = 87DADE732BD7D8B200457062 /* SpecialMoveShape.swift */; };
		87DADE762BD7DC0000457062 /* MoveDamageType.swift in Sources */ = {isa = PBXBuildFile; fileRef = 87DADE752BD7DC0000457062 /* MoveDamageType.swift */; };
		87DADE8B2BD8DE1F00457062 /* PokedexScreen.swift in Sources */ = {isa = PBXBuildFile; fileRef = 87DADE8A2BD8DE1F00457062 /* PokedexScreen.swift */; };
		87DADE8E2BD8DE6E00457062 /* PokemonTeamsScreen.swift in Sources */ = {isa = PBXBuildFile; fileRef = 87DADE8D2BD8DE6E00457062 /* PokemonTeamsScreen.swift */; };
		87DADE912BD8DF4800457062 /* PokemonTeamsListView.swift in Sources */ = {isa = PBXBuildFile; fileRef = 87DADE902BD8DF4800457062 /* PokemonTeamsListView.swift */; };
		87DADE932BD8E36900457062 /* AddTeamRoute.swift in Sources */ = {isa = PBXBuildFile; fileRef = 87DADE922BD8E36900457062 /* AddTeamRoute.swift */; };
		87DADE952BD913E500457062 /* PokemonListScrolledContent.swift in Sources */ = {isa = PBXBuildFile; fileRef = 87DADE942BD913E500457062 /* PokemonListScrolledContent.swift */; };
		87DADE972BD9145B00457062 /* PokemonSelectionGridScreen.swift in Sources */ = {isa = PBXBuildFile; fileRef = 87DADE962BD9145B00457062 /* PokemonSelectionGridScreen.swift */; };
		87DADE9B2BD91E5F00457062 /* PokeBallOuterShape.swift in Sources */ = {isa = PBXBuildFile; fileRef = 87DADE9A2BD91E5F00457062 /* PokeBallOuterShape.swift */; };
		87DADE9D2BD92CDD00457062 /* PokeballView.swift in Sources */ = {isa = PBXBuildFile; fileRef = 87DADE9C2BD92CDD00457062 /* PokeballView.swift */; };
		87DADE9F2BD93EDB00457062 /* PokemonBeltView.swift in Sources */ = {isa = PBXBuildFile; fileRef = 87DADE9E2BD93EDB00457062 /* PokemonBeltView.swift */; };
		87DADEA12BD93F2D00457062 /* PokemonSelectionGridCell.swift in Sources */ = {isa = PBXBuildFile; fileRef = 87DADEA02BD93F2D00457062 /* PokemonSelectionGridCell.swift */; };
		87DADEA32BD94EB500457062 /* PokemonTeamCell.swift in Sources */ = {isa = PBXBuildFile; fileRef = 87DADEA22BD94EB500457062 /* PokemonTeamCell.swift */; };
		87DADEA52BD9596900457062 /* AddAttackRoute.swift in Sources */ = {isa = PBXBuildFile; fileRef = 87DADEA42BD9596900457062 /* AddAttackRoute.swift */; };
		87DADEA72BD959C000457062 /* PokemonTeamPreviewScreen.swift in Sources */ = {isa = PBXBuildFile; fileRef = 87DADEA62BD959C000457062 /* PokemonTeamPreviewScreen.swift */; };
		87DADEBF2BDA2A4E00457062 /* PreviewRoute.swift in Sources */ = {isa = PBXBuildFile; fileRef = 87DADEBE2BDA2A4E00457062 /* PreviewRoute.swift */; };
		87DADEC12BDA2CDF00457062 /* ModelContext + Extensions.swift in Sources */ = {isa = PBXBuildFile; fileRef = 87DADEC02BDA2CDF00457062 /* ModelContext + Extensions.swift */; };
		87DADEC52BDA310700457062 /* PokemonSelectionMoveListScreen.swift in Sources */ = {isa = PBXBuildFile; fileRef = 87DADEC42BDA310700457062 /* PokemonSelectionMoveListScreen.swift */; };
		87DADEC72BDA40D000457062 /* ListMoveCellView.swift in Sources */ = {isa = PBXBuildFile; fileRef = 87DADEC62BDA40D000457062 /* ListMoveCellView.swift */; };
		87DADECA2BDA8B7500457062 /* MoveSectionContentCell.swift in Sources */ = {isa = PBXBuildFile; fileRef = 87DADEC92BDA8B7500457062 /* MoveSectionContentCell.swift */; };
		87DADED02BDDFD5B00457062 /* PokemonAbilitySelectionScreen.swift in Sources */ = {isa = PBXBuildFile; fileRef = 87DADECF2BDDFD5B00457062 /* PokemonAbilitySelectionScreen.swift */; };
		87DADED32BDE03E900457062 /* PokemonAbilitySelectionModel.swift in Sources */ = {isa = PBXBuildFile; fileRef = 87DADED22BDE03E900457062 /* PokemonAbilitySelectionModel.swift */; };
		87DADED72BDE0DE400457062 /* AddAbilityRoute.swift in Sources */ = {isa = PBXBuildFile; fileRef = 87DADED62BDE0DE400457062 /* AddAbilityRoute.swift */; };
		87DADEE22BDE269700457062 /* PokemonNatureSelectionScreen.swift in Sources */ = {isa = PBXBuildFile; fileRef = 87DADEE12BDE269700457062 /* PokemonNatureSelectionScreen.swift */; };
		87DADEE52BDE39B000457062 /* VarietiesListView.swift in Sources */ = {isa = PBXBuildFile; fileRef = 87DADEE42BDE39B000457062 /* VarietiesListView.swift */; };
		87DADEE92BDF994B00457062 /* AddNatureRoute.swift in Sources */ = {isa = PBXBuildFile; fileRef = 87DADEE82BDF994B00457062 /* AddNatureRoute.swift */; };
		87DADEF32BE0AFC500457062 /* ItemScrolledContent.swift in Sources */ = {isa = PBXBuildFile; fileRef = 87DADEF22BE0AFC500457062 /* ItemScrolledContent.swift */; };
		87E0CFD22BE4E15C004D66AC /* NeworkContentViewModifier.swift in Sources */ = {isa = PBXBuildFile; fileRef = 87E0CFD12BE4E15C004D66AC /* NeworkContentViewModifier.swift */; };
		87E6C5812BE2CDD900D8AD4F /* LoadingModifier.swift in Sources */ = {isa = PBXBuildFile; fileRef = 87E6C5802BE2CDD900D8AD4F /* LoadingModifier.swift */; };
/* End PBXBuildFile section */

/* Begin PBXFileReference section */
		870BE8AE2BE0EEFB00D6B1BF /* AddItemRoute.swift */ = {isa = PBXFileReference; lastKnownFileType = sourcecode.swift; path = AddItemRoute.swift; sourceTree = "<group>"; };
		870BE8B02BE210F000D6B1BF /* CachedImageAsync.swift */ = {isa = PBXFileReference; lastKnownFileType = sourcecode.swift; path = CachedImageAsync.swift; sourceTree = "<group>"; };
		870BE8B22BE2111100D6B1BF /* PokeballImageAsync.swift */ = {isa = PBXFileReference; lastKnownFileType = sourcecode.swift; path = PokeballImageAsync.swift; sourceTree = "<group>"; };
		870BE8BA2BE2247300D6B1BF /* MutableModifier.swift */ = {isa = PBXFileReference; lastKnownFileType = sourcecode.swift; path = MutableModifier.swift; sourceTree = "<group>"; };
		870BE8BC2BE250F900D6B1BF /* SelectionIndicatorView.swift */ = {isa = PBXFileReference; lastKnownFileType = sourcecode.swift; path = SelectionIndicatorView.swift; sourceTree = "<group>"; };
		870BE8BE2BE2522000D6B1BF /* SelectableCellModifier.swift */ = {isa = PBXFileReference; lastKnownFileType = sourcecode.swift; path = SelectableCellModifier.swift; sourceTree = "<group>"; };
		870BE8C02BE2598400D6B1BF /* ItemCell.swift */ = {isa = PBXFileReference; lastKnownFileType = sourcecode.swift; path = ItemCell.swift; sourceTree = "<group>"; };
		871ADCA42BE8E1A10017C9D3 /* GoogleService-Info.plist */ = {isa = PBXFileReference; fileEncoding = 4; lastKnownFileType = text.plist.xml; path = "GoogleService-Info.plist"; sourceTree = "<group>"; };
		871ADCB32BE8E76C0017C9D3 /* Info.plist */ = {isa = PBXFileReference; lastKnownFileType = text.plist; path = Info.plist; sourceTree = "<group>"; };
		871ADCB42BE9F9930017C9D3 /* View + Extension.swift */ = {isa = PBXFileReference; lastKnownFileType = sourcecode.swift; path = "View + Extension.swift"; sourceTree = "<group>"; };
		871DE6122BEA209C0009C885 /* MoveMethodList.swift */ = {isa = PBXFileReference; lastKnownFileType = sourcecode.swift; path = MoveMethodList.swift; sourceTree = "<group>"; };
		87313BBC2BEA9FC60081DD85 /* SDTeam+Extensions.swift */ = {isa = PBXFileReference; lastKnownFileType = sourcecode.swift; path = "SDTeam+Extensions.swift"; sourceTree = "<group>"; };
		87313BBE2BEAA0220081DD85 /* Preview+Extension.swift */ = {isa = PBXFileReference; lastKnownFileType = sourcecode.swift; path = "Preview+Extension.swift"; sourceTree = "<group>"; };
		87313BC22BEAA0B50081DD85 /* PokemonNameReader+Extension.swift */ = {isa = PBXFileReference; lastKnownFileType = sourcecode.swift; path = "PokemonNameReader+Extension.swift"; sourceTree = "<group>"; };
		87313BC42BEAA4520081DD85 /* ScrollFetchPokemonQuery+Extensions.swift */ = {isa = PBXFileReference; lastKnownFileType = sourcecode.swift; path = "ScrollFetchPokemonQuery+Extensions.swift"; sourceTree = "<group>"; };
		87313BC62BEAA47B0081DD85 /* ScrollFetchItemQuery + Extension.swift */ = {isa = PBXFileReference; lastKnownFileType = sourcecode.swift; path = "ScrollFetchItemQuery + Extension.swift"; sourceTree = "<group>"; };
		87313BC82BEAA4F90081DD85 /* EnvironmentValues + Extension.swift */ = {isa = PBXFileReference; lastKnownFileType = sourcecode.swift; path = "EnvironmentValues + Extension.swift"; sourceTree = "<group>"; };
		87313BCA2BEB5BE90081DD85 /* JsonReader+Extension.swift */ = {isa = PBXFileReference; lastKnownFileType = sourcecode.swift; path = "JsonReader+Extension.swift"; sourceTree = "<group>"; };
		874FB3AE2BD4C09200B9F232 /* DescriptionByVersionModel.swift */ = {isa = PBXFileReference; lastKnownFileType = sourcecode.swift; path = DescriptionByVersionModel.swift; sourceTree = "<group>"; };
		874FB3B12BD4C12F00B9F232 /* DescriptionScreen.swift */ = {isa = PBXFileReference; lastKnownFileType = sourcecode.swift; path = DescriptionScreen.swift; sourceTree = "<group>"; };
		874FB3B32BD4D3BA00B9F232 /* ScrollPickerView.swift */ = {isa = PBXFileReference; lastKnownFileType = sourcecode.swift; path = ScrollPickerView.swift; sourceTree = "<group>"; };
		876A79912BCFEB3800E8E210 /* Mobile Pokedex.app */ = {isa = PBXFileReference; explicitFileType = wrapper.application; includeInIndex = 0; path = "Mobile Pokedex.app"; sourceTree = BUILT_PRODUCTS_DIR; };
		876A79942BCFEB3800E8E210 /* PokedexIOSApp.swift */ = {isa = PBXFileReference; lastKnownFileType = sourcecode.swift; path = PokedexIOSApp.swift; sourceTree = "<group>"; };
		876A799B2BCFEB3800E8E210 /* RootView.swift */ = {isa = PBXFileReference; lastKnownFileType = sourcecode.swift; path = RootView.swift; sourceTree = "<group>"; };
		876A799D2BCFEB3B00E8E210 /* Assets.xcassets */ = {isa = PBXFileReference; lastKnownFileType = folder.assetcatalog; path = Assets.xcassets; sourceTree = "<group>"; };
		876A799F2BCFEB3B00E8E210 /* PokedexIOS.entitlements */ = {isa = PBXFileReference; lastKnownFileType = text.plist.entitlements; path = PokedexIOS.entitlements; sourceTree = "<group>"; };
		876A79A12BCFEB3B00E8E210 /* Preview Assets.xcassets */ = {isa = PBXFileReference; lastKnownFileType = folder.assetcatalog; path = "Preview Assets.xcassets"; sourceTree = "<group>"; };
		876A79DB2BD0154700E8E210 /* PaginatedList.swift */ = {isa = PBXFileReference; lastKnownFileType = sourcecode.swift; path = PaginatedList.swift; sourceTree = "<group>"; };
		876A79DD2BD0183600E8E210 /* PokemonScrollCell.swift */ = {isa = PBXFileReference; lastKnownFileType = sourcecode.swift; path = PokemonScrollCell.swift; sourceTree = "<group>"; };
		876A79DF2BD01A2B00E8E210 /* PokemonScrollScreen.swift */ = {isa = PBXFileReference; lastKnownFileType = sourcecode.swift; path = PokemonScrollScreen.swift; sourceTree = "<group>"; };
		876A79E22BD01BD500E8E210 /* LocalPokemon.swift */ = {isa = PBXFileReference; lastKnownFileType = sourcecode.swift; path = LocalPokemon.swift; sourceTree = "<group>"; };
		876A79E52BD039DF00E8E210 /* PokemonDetailScreen.swift */ = {isa = PBXFileReference; lastKnownFileType = sourcecode.swift; path = PokemonDetailScreen.swift; sourceTree = "<group>"; };
		876A79E72BD03A0F00E8E210 /* PokemonGenerationSegmentView.swift */ = {isa = PBXFileReference; lastKnownFileType = sourcecode.swift; path = PokemonGenerationSegmentView.swift; sourceTree = "<group>"; };
		876A79ED2BD103FE00E8E210 /* ScaleAsyncImage.swift */ = {isa = PBXFileReference; lastKnownFileType = sourcecode.swift; path = ScaleAsyncImage.swift; sourceTree = "<group>"; };
		876A79F02BD1045800E8E210 /* GenModel.swift */ = {isa = PBXFileReference; lastKnownFileType = sourcecode.swift; path = GenModel.swift; sourceTree = "<group>"; };
		876A79F22BD1046900E8E210 /* SegmentData.swift */ = {isa = PBXFileReference; lastKnownFileType = sourcecode.swift; path = SegmentData.swift; sourceTree = "<group>"; };
		876A79F42BD1048500E8E210 /* PokemonDetailsProvider.swift */ = {isa = PBXFileReference; lastKnownFileType = sourcecode.swift; path = PokemonDetailsProvider.swift; sourceTree = "<group>"; };
		876A79F62BD1061600E8E210 /* PokemonDisplayStat.swift */ = {isa = PBXFileReference; lastKnownFileType = sourcecode.swift; path = PokemonDisplayStat.swift; sourceTree = "<group>"; };
		876A79F92BD1070700E8E210 /* StatShape.swift */ = {isa = PBXFileReference; lastKnownFileType = sourcecode.swift; path = StatShape.swift; sourceTree = "<group>"; };
		876A79FB2BD113FA00E8E210 /* StatBackgroundShape.swift */ = {isa = PBXFileReference; lastKnownFileType = sourcecode.swift; path = StatBackgroundShape.swift; sourceTree = "<group>"; };
		876A79FD2BD1141300E8E210 /* PokemonStatView.swift */ = {isa = PBXFileReference; lastKnownFileType = sourcecode.swift; path = PokemonStatView.swift; sourceTree = "<group>"; };
		876A7A032BD2793B00E8E210 /* PokemonAbilityView.swift */ = {isa = PBXFileReference; lastKnownFileType = sourcecode.swift; path = PokemonAbilityView.swift; sourceTree = "<group>"; };
		876A7A062BD27C1400E8E210 /* PokemonListAbilityView.swift */ = {isa = PBXFileReference; lastKnownFileType = sourcecode.swift; path = PokemonListAbilityView.swift; sourceTree = "<group>"; };
		876A7A122BD283F200E8E210 /* PokemonAbitilyDetails.swift */ = {isa = PBXFileReference; lastKnownFileType = sourcecode.swift; path = PokemonAbitilyDetails.swift; sourceTree = "<group>"; };
		876A7A1A2BD299CD00E8E210 /* PokemonGridScreen.swift */ = {isa = PBXFileReference; lastKnownFileType = sourcecode.swift; path = PokemonGridScreen.swift; sourceTree = "<group>"; };
		876A7A1D2BD29E9A00E8E210 /* PokemonGridListView.swift */ = {isa = PBXFileReference; lastKnownFileType = sourcecode.swift; path = PokemonGridListView.swift; sourceTree = "<group>"; };
		876A7A1F2BD29ECF00E8E210 /* PokemonGridCell.swift */ = {isa = PBXFileReference; lastKnownFileType = sourcecode.swift; path = PokemonGridCell.swift; sourceTree = "<group>"; };
		876A7ABE2BD3D4B100E8E210 /* EvolutionListView.swift */ = {isa = PBXFileReference; lastKnownFileType = sourcecode.swift; path = EvolutionListView.swift; sourceTree = "<group>"; };
		876A7AC32BD3DEF300E8E210 /* SpeciesModel.swift */ = {isa = PBXFileReference; lastKnownFileType = sourcecode.swift; path = SpeciesModel.swift; sourceTree = "<group>"; };
		876A7AC52BD3E67F00E8E210 /* EvolutionListViewCell.swift */ = {isa = PBXFileReference; lastKnownFileType = sourcecode.swift; path = EvolutionListViewCell.swift; sourceTree = "<group>"; };
		877BA8ED2BE0E0BF00374D74 /* PokemonItemScreen.swift */ = {isa = PBXFileReference; lastKnownFileType = sourcecode.swift; path = PokemonItemScreen.swift; sourceTree = "<group>"; };
		877BA8F42BE0E28600374D74 /* PokemonItemSelectionScreen.swift */ = {isa = PBXFileReference; lastKnownFileType = sourcecode.swift; path = PokemonItemSelectionScreen.swift; sourceTree = "<group>"; };
		878D73822BD5392D00DAE405 /* MoveScreen.swift */ = {isa = PBXFileReference; lastKnownFileType = sourcecode.swift; path = MoveScreen.swift; sourceTree = "<group>"; };
		878D73892BD5408800DAE405 /* MoveViewCell.swift */ = {isa = PBXFileReference; lastKnownFileType = sourcecode.swift; path = MoveViewCell.swift; sourceTree = "<group>"; };
		878D738C2BD54DA000DAE405 /* MoveRoute.swift */ = {isa = PBXFileReference; lastKnownFileType = sourcecode.swift; path = MoveRoute.swift; sourceTree = "<group>"; };
		878D73912BD54EC700DAE405 /* DescriptionRoute.swift */ = {isa = PBXFileReference; lastKnownFileType = sourcecode.swift; path = DescriptionRoute.swift; sourceTree = "<group>"; };
		878D73932BD6567B00DAE405 /* String+Extension.swift */ = {isa = PBXFileReference; lastKnownFileType = sourcecode.swift; path = "String+Extension.swift"; sourceTree = "<group>"; };
		87ACE8652BECA3C60028EC64 /* Color+ Extension.swift */ = {isa = PBXFileReference; lastKnownFileType = sourcecode.swift; path = "Color+ Extension.swift"; sourceTree = "<group>"; };
		87ACE8672BECA5710028EC64 /* PokemonType + Extension.swift */ = {isa = PBXFileReference; lastKnownFileType = sourcecode.swift; path = "PokemonType + Extension.swift"; sourceTree = "<group>"; };
		87ACE8692BECC7C30028EC64 /* Move + Extension.swift */ = {isa = PBXFileReference; lastKnownFileType = sourcecode.swift; path = "Move + Extension.swift"; sourceTree = "<group>"; };
		87ACE86B2BECC99C0028EC64 /* ShrinkText.swift */ = {isa = PBXFileReference; lastKnownFileType = sourcecode.swift; path = ShrinkText.swift; sourceTree = "<group>"; };
		87ACE86E2BECD46D0028EC64 /* StartSharingView.swift */ = {isa = PBXFileReference; lastKnownFileType = sourcecode.swift; path = StartSharingView.swift; sourceTree = "<group>"; };
		87ACE8702BECDC610028EC64 /* SearchingUserView.swift */ = {isa = PBXFileReference; lastKnownFileType = sourcecode.swift; path = SearchingUserView.swift; sourceTree = "<group>"; };
		87ACE8722BED0A060028EC64 /* PairingAlertModifier.swift */ = {isa = PBXFileReference; lastKnownFileType = sourcecode.swift; path = PairingAlertModifier.swift; sourceTree = "<group>"; };
		87ACE8742BED0CFE0028EC64 /* ShareTeamRoute.swift */ = {isa = PBXFileReference; lastKnownFileType = sourcecode.swift; path = ShareTeamRoute.swift; sourceTree = "<group>"; };
		87ACE8762BEDEFE10028EC64 /* PokemonTypeListView.swift */ = {isa = PBXFileReference; lastKnownFileType = sourcecode.swift; path = PokemonTypeListView.swift; sourceTree = "<group>"; };
		87DADE5A2BD7BFF300457062 /* PokemonMoveDetailsScreen.swift */ = {isa = PBXFileReference; lastKnownFileType = sourcecode.swift; path = PokemonMoveDetailsScreen.swift; sourceTree = "<group>"; };
		87DADE5C2BD7C0D800457062 /* MoveDetailsRoute.swift */ = {isa = PBXFileReference; lastKnownFileType = sourcecode.swift; path = MoveDetailsRoute.swift; sourceTree = "<group>"; };
		87DADE5F2BD7C44100457062 /* MoveItemDataHolder.swift */ = {isa = PBXFileReference; lastKnownFileType = sourcecode.swift; path = MoveItemDataHolder.swift; sourceTree = "<group>"; };
		87DADE612BD7C45100457062 /* MoveNameItem.swift */ = {isa = PBXFileReference; lastKnownFileType = sourcecode.swift; path = MoveNameItem.swift; sourceTree = "<group>"; };
		87DADE632BD7C46300457062 /* MoveEffectItem.swift */ = {isa = PBXFileReference; lastKnownFileType = sourcecode.swift; path = MoveEffectItem.swift; sourceTree = "<group>"; };
		87DADE652BD7C48600457062 /* MoveMachineModel.swift */ = {isa = PBXFileReference; lastKnownFileType = sourcecode.swift; path = MoveMachineModel.swift; sourceTree = "<group>"; };
		87DADE682BD7C64F00457062 /* PhysicalMoveShape.swift */ = {isa = PBXFileReference; lastKnownFileType = sourcecode.swift; path = PhysicalMoveShape.swift; sourceTree = "<group>"; };
		87DADE6A2BD7CCE200457062 /* StatusMoveShape.swift */ = {isa = PBXFileReference; lastKnownFileType = sourcecode.swift; path = StatusMoveShape.swift; sourceTree = "<group>"; };
		87DADE6D2BD7D85500457062 /* PhysicalMoveView.swift */ = {isa = PBXFileReference; lastKnownFileType = sourcecode.swift; path = PhysicalMoveView.swift; sourceTree = "<group>"; };
		87DADE702BD7D89200457062 /* StatusMoveView.swift */ = {isa = PBXFileReference; lastKnownFileType = sourcecode.swift; path = StatusMoveView.swift; sourceTree = "<group>"; };
		87DADE732BD7D8B200457062 /* SpecialMoveShape.swift */ = {isa = PBXFileReference; lastKnownFileType = sourcecode.swift; path = SpecialMoveShape.swift; sourceTree = "<group>"; };
		87DADE752BD7DC0000457062 /* MoveDamageType.swift */ = {isa = PBXFileReference; lastKnownFileType = sourcecode.swift; path = MoveDamageType.swift; sourceTree = "<group>"; };
		87DADE8A2BD8DE1F00457062 /* PokedexScreen.swift */ = {isa = PBXFileReference; lastKnownFileType = sourcecode.swift; path = PokedexScreen.swift; sourceTree = "<group>"; };
		87DADE8D2BD8DE6E00457062 /* PokemonTeamsScreen.swift */ = {isa = PBXFileReference; lastKnownFileType = sourcecode.swift; path = PokemonTeamsScreen.swift; sourceTree = "<group>"; };
		87DADE902BD8DF4800457062 /* PokemonTeamsListView.swift */ = {isa = PBXFileReference; lastKnownFileType = sourcecode.swift; path = PokemonTeamsListView.swift; sourceTree = "<group>"; };
		87DADE922BD8E36900457062 /* AddTeamRoute.swift */ = {isa = PBXFileReference; lastKnownFileType = sourcecode.swift; path = AddTeamRoute.swift; sourceTree = "<group>"; };
		87DADE942BD913E500457062 /* PokemonListScrolledContent.swift */ = {isa = PBXFileReference; lastKnownFileType = sourcecode.swift; path = PokemonListScrolledContent.swift; sourceTree = "<group>"; };
		87DADE962BD9145B00457062 /* PokemonSelectionGridScreen.swift */ = {isa = PBXFileReference; lastKnownFileType = sourcecode.swift; path = PokemonSelectionGridScreen.swift; sourceTree = "<group>"; };
		87DADE9A2BD91E5F00457062 /* PokeBallOuterShape.swift */ = {isa = PBXFileReference; lastKnownFileType = sourcecode.swift; path = PokeBallOuterShape.swift; sourceTree = "<group>"; };
		87DADE9C2BD92CDD00457062 /* PokeballView.swift */ = {isa = PBXFileReference; lastKnownFileType = sourcecode.swift; path = PokeballView.swift; sourceTree = "<group>"; };
		87DADE9E2BD93EDB00457062 /* PokemonBeltView.swift */ = {isa = PBXFileReference; lastKnownFileType = sourcecode.swift; path = PokemonBeltView.swift; sourceTree = "<group>"; };
		87DADEA02BD93F2D00457062 /* PokemonSelectionGridCell.swift */ = {isa = PBXFileReference; lastKnownFileType = sourcecode.swift; path = PokemonSelectionGridCell.swift; sourceTree = "<group>"; };
		87DADEA22BD94EB500457062 /* PokemonTeamCell.swift */ = {isa = PBXFileReference; lastKnownFileType = sourcecode.swift; path = PokemonTeamCell.swift; sourceTree = "<group>"; };
		87DADEA42BD9596900457062 /* AddAttackRoute.swift */ = {isa = PBXFileReference; lastKnownFileType = sourcecode.swift; path = AddAttackRoute.swift; sourceTree = "<group>"; };
		87DADEA62BD959C000457062 /* PokemonTeamPreviewScreen.swift */ = {isa = PBXFileReference; lastKnownFileType = sourcecode.swift; path = PokemonTeamPreviewScreen.swift; sourceTree = "<group>"; };
		87DADEBE2BDA2A4E00457062 /* PreviewRoute.swift */ = {isa = PBXFileReference; lastKnownFileType = sourcecode.swift; path = PreviewRoute.swift; sourceTree = "<group>"; };
		87DADEC02BDA2CDF00457062 /* ModelContext + Extensions.swift */ = {isa = PBXFileReference; lastKnownFileType = sourcecode.swift; path = "ModelContext + Extensions.swift"; sourceTree = "<group>"; };
		87DADEC42BDA310700457062 /* PokemonSelectionMoveListScreen.swift */ = {isa = PBXFileReference; lastKnownFileType = sourcecode.swift; path = PokemonSelectionMoveListScreen.swift; sourceTree = "<group>"; };
		87DADEC62BDA40D000457062 /* ListMoveCellView.swift */ = {isa = PBXFileReference; lastKnownFileType = sourcecode.swift; path = ListMoveCellView.swift; sourceTree = "<group>"; };
		87DADEC92BDA8B7500457062 /* MoveSectionContentCell.swift */ = {isa = PBXFileReference; lastKnownFileType = sourcecode.swift; path = MoveSectionContentCell.swift; sourceTree = "<group>"; };
		87DADECF2BDDFD5B00457062 /* PokemonAbilitySelectionScreen.swift */ = {isa = PBXFileReference; lastKnownFileType = sourcecode.swift; path = PokemonAbilitySelectionScreen.swift; sourceTree = "<group>"; };
		87DADED22BDE03E900457062 /* PokemonAbilitySelectionModel.swift */ = {isa = PBXFileReference; lastKnownFileType = sourcecode.swift; path = PokemonAbilitySelectionModel.swift; sourceTree = "<group>"; };
		87DADED62BDE0DE400457062 /* AddAbilityRoute.swift */ = {isa = PBXFileReference; lastKnownFileType = sourcecode.swift; path = AddAbilityRoute.swift; sourceTree = "<group>"; };
		87DADEE12BDE269700457062 /* PokemonNatureSelectionScreen.swift */ = {isa = PBXFileReference; lastKnownFileType = sourcecode.swift; path = PokemonNatureSelectionScreen.swift; sourceTree = "<group>"; };
		87DADEE42BDE39B000457062 /* VarietiesListView.swift */ = {isa = PBXFileReference; lastKnownFileType = sourcecode.swift; path = VarietiesListView.swift; sourceTree = "<group>"; };
		87DADEE82BDF994B00457062 /* AddNatureRoute.swift */ = {isa = PBXFileReference; lastKnownFileType = sourcecode.swift; path = AddNatureRoute.swift; sourceTree = "<group>"; };
		87DADEF22BE0AFC500457062 /* ItemScrolledContent.swift */ = {isa = PBXFileReference; lastKnownFileType = sourcecode.swift; path = ItemScrolledContent.swift; sourceTree = "<group>"; };
		87E0CFD12BE4E15C004D66AC /* NeworkContentViewModifier.swift */ = {isa = PBXFileReference; lastKnownFileType = sourcecode.swift; path = NeworkContentViewModifier.swift; sourceTree = "<group>"; };
		87E6C5802BE2CDD900D8AD4F /* LoadingModifier.swift */ = {isa = PBXFileReference; lastKnownFileType = sourcecode.swift; path = LoadingModifier.swift; sourceTree = "<group>"; };
/* End PBXFileReference section */

/* Begin PBXFrameworksBuildPhase section */
		876A798E2BCFEB3800E8E210 /* Frameworks */ = {
			isa = PBXFrameworksBuildPhase;
			buildActionMask = 2147483647;
			files = (
				87313BCE2BEB5D3E0081DD85 /* Resources in Frameworks */,
				87313BD12BEB65240081DD85 /* Tools in Frameworks */,
				871ADCB02BE8E2B30017C9D3 /* FirebaseCrashlytics in Frameworks */,
				871ADCAE2BE8E2B30017C9D3 /* FirebaseAnalytics in Frameworks */,
				870BE8B82BE21D5100D6B1BF /* OggDecoder in Frameworks */,
				87313BD92BEB71010081DD85 /* DI in Frameworks */,
			);
			runOnlyForDeploymentPostprocessing = 0;
		};
/* End PBXFrameworksBuildPhase section */

/* Begin PBXGroup section */
		870BE8B92BE2246200D6B1BF /* ViewModifiers */ = {
			isa = PBXGroup;
			children = (
				870BE8BA2BE2247300D6B1BF /* MutableModifier.swift */,
				870BE8BE2BE2522000D6B1BF /* SelectableCellModifier.swift */,
				87E6C5802BE2CDD900D8AD4F /* LoadingModifier.swift */,
				87E0CFD12BE4E15C004D66AC /* NeworkContentViewModifier.swift */,
				87ACE8722BED0A060028EC64 /* PairingAlertModifier.swift */,
			);
			path = ViewModifiers;
			sourceTree = "<group>";
		};
		876A79882BCFEB3800E8E210 = {
			isa = PBXGroup;
			children = (
				876A79932BCFEB3800E8E210 /* PokedexIOS */,
				876A79922BCFEB3800E8E210 /* Products */,
			);
			sourceTree = "<group>";
		};
		876A79922BCFEB3800E8E210 /* Products */ = {
			isa = PBXGroup;
			children = (
				876A79912BCFEB3800E8E210 /* Mobile Pokedex.app */,
			);
			name = Products;
			sourceTree = "<group>";
		};
		876A79932BCFEB3800E8E210 /* PokedexIOS */ = {
			isa = PBXGroup;
			children = (
				871ADCB32BE8E76C0017C9D3 /* Info.plist */,
				871ADCA42BE8E1A10017C9D3 /* GoogleService-Info.plist */,
				876A7A082BD27DDB00E8E210 /* Extensions */,
				876A79E12BD01BC900E8E210 /* Routes */,
				876A79D92BD0151E00E8E210 /* UI */,
				876A79942BCFEB3800E8E210 /* PokedexIOSApp.swift */,
				876A799B2BCFEB3800E8E210 /* RootView.swift */,
				876A799D2BCFEB3B00E8E210 /* Assets.xcassets */,
				876A799F2BCFEB3B00E8E210 /* PokedexIOS.entitlements */,
				876A79A02BCFEB3B00E8E210 /* Preview Content */,
			);
			path = PokedexIOS;
			sourceTree = "<group>";
		};
		876A79A02BCFEB3B00E8E210 /* Preview Content */ = {
			isa = PBXGroup;
			children = (
				876A79A12BCFEB3B00E8E210 /* Preview Assets.xcassets */,
			);
			path = "Preview Content";
			sourceTree = "<group>";
		};
		876A79D92BD0151E00E8E210 /* UI */ = {
			isa = PBXGroup;
			children = (
				87ACE86D2BECD4290028EC64 /* PokemonShareTeam */,
				870BE8B92BE2246200D6B1BF /* ViewModifiers */,
				877BA8EC2BE0E09E00374D74 /* PokemonItemScreen */,
				87DADEF12BE0AF9F00457062 /* PokemonItemSelectionScreen */,
				87DADEE02BDE267200457062 /* PokemonNatureSelectionScreen */,
				87DADE982BD914CD00457062 /* PokemonSelectionGridScreen */,
				87DADEC32BDA30EE00457062 /* PokemonSelectionMoveListScreen */,
				87DADEC82BDA8B5000457062 /* PokemonTeamPreviewScreen */,
				87DADECE2BDDFD3000457062 /* PokemonAbilitySelectionScreen */,
				87DADE8C2BD8DE5200457062 /* PokemonTeamsScreen */,
				87DADE892BD8DE1100457062 /* PokedexScreen */,
				87DADE592BD7BFDA00457062 /* PokemonMoveDetailsScreen */,
				878D738F2BD54E7600DAE405 /* PokemonDescriptionsScreen */,
				878D738E2BD54DD500DAE405 /* PokemonMoveScreen */,
				876A7A212BD2A7C100E8E210 /* Shared */,
				876A7A182BD299A500E8E210 /* PokemonGridScreen */,
				876A79E42BD039C400E8E210 /* PokemonDetailScreen */,
				876A79DA2BD0152300E8E210 /* PokemonScrollScreen */,
			);
			path = UI;
			sourceTree = "<group>";
		};
		876A79DA2BD0152300E8E210 /* PokemonScrollScreen */ = {
			isa = PBXGroup;
			children = (
				876A7A222BD2AE5100E8E210 /* Views */,
			);
			path = PokemonScrollScreen;
			sourceTree = "<group>";
		};
		876A79E12BD01BC900E8E210 /* Routes */ = {
			isa = PBXGroup;
			children = (
				876A79E22BD01BD500E8E210 /* LocalPokemon.swift */,
				878D738C2BD54DA000DAE405 /* MoveRoute.swift */,
				878D73912BD54EC700DAE405 /* DescriptionRoute.swift */,
				87DADE5C2BD7C0D800457062 /* MoveDetailsRoute.swift */,
				87DADE922BD8E36900457062 /* AddTeamRoute.swift */,
				87DADEA42BD9596900457062 /* AddAttackRoute.swift */,
				87DADEBE2BDA2A4E00457062 /* PreviewRoute.swift */,
				87DADED62BDE0DE400457062 /* AddAbilityRoute.swift */,
				87DADEE82BDF994B00457062 /* AddNatureRoute.swift */,
				870BE8AE2BE0EEFB00D6B1BF /* AddItemRoute.swift */,
				87ACE8742BED0CFE0028EC64 /* ShareTeamRoute.swift */,
			);
			path = Routes;
			sourceTree = "<group>";
		};
		876A79E42BD039C400E8E210 /* PokemonDetailScreen */ = {
			isa = PBXGroup;
			children = (
				876A79EF2BD1044C00E8E210 /* Model */,
				876A79EC2BD103E800E8E210 /* Views */,
				876A79E52BD039DF00E8E210 /* PokemonDetailScreen.swift */,
				876A79F42BD1048500E8E210 /* PokemonDetailsProvider.swift */,
			);
			path = PokemonDetailScreen;
			sourceTree = "<group>";
		};
		876A79EC2BD103E800E8E210 /* Views */ = {
			isa = PBXGroup;
			children = (
				87DADEE32BDE398100457062 /* VarietiesListView */,
				876A7A032BD2793B00E8E210 /* PokemonAbilityView.swift */,
				876A7ABD2BD3D49D00E8E210 /* EvolutionListView */,
				876A79F82BD106F300E8E210 /* StatView */,
				876A79E72BD03A0F00E8E210 /* PokemonGenerationSegmentView.swift */,
			);
			path = Views;
			sourceTree = "<group>";
		};
		876A79EF2BD1044C00E8E210 /* Model */ = {
			isa = PBXGroup;
			children = (
				876A79F02BD1045800E8E210 /* GenModel.swift */,
				876A79F22BD1046900E8E210 /* SegmentData.swift */,
				876A79F62BD1061600E8E210 /* PokemonDisplayStat.swift */,
				876A7A122BD283F200E8E210 /* PokemonAbitilyDetails.swift */,
				876A7AC32BD3DEF300E8E210 /* SpeciesModel.swift */,
				874FB3AE2BD4C09200B9F232 /* DescriptionByVersionModel.swift */,
			);
			path = Model;
			sourceTree = "<group>";
		};
		876A79F82BD106F300E8E210 /* StatView */ = {
			isa = PBXGroup;
			children = (
				876A79F92BD1070700E8E210 /* StatShape.swift */,
				876A79FB2BD113FA00E8E210 /* StatBackgroundShape.swift */,
				876A79FD2BD1141300E8E210 /* PokemonStatView.swift */,
			);
			path = StatView;
			sourceTree = "<group>";
		};
		876A7A052BD27BF200E8E210 /* ListAbilitiyView */ = {
			isa = PBXGroup;
			children = (
				876A7A062BD27C1400E8E210 /* PokemonListAbilityView.swift */,
			);
			path = ListAbilitiyView;
			sourceTree = "<group>";
		};
		876A7A082BD27DDB00E8E210 /* Extensions */ = {
			isa = PBXGroup;
			children = (
				878D73932BD6567B00DAE405 /* String+Extension.swift */,
				87DADEC02BDA2CDF00457062 /* ModelContext + Extensions.swift */,
				871ADCB42BE9F9930017C9D3 /* View + Extension.swift */,
				87313BBC2BEA9FC60081DD85 /* SDTeam+Extensions.swift */,
				87313BBE2BEAA0220081DD85 /* Preview+Extension.swift */,
				87313BC22BEAA0B50081DD85 /* PokemonNameReader+Extension.swift */,
				87313BC42BEAA4520081DD85 /* ScrollFetchPokemonQuery+Extensions.swift */,
				87313BC62BEAA47B0081DD85 /* ScrollFetchItemQuery + Extension.swift */,
				87313BC82BEAA4F90081DD85 /* EnvironmentValues + Extension.swift */,
				87313BCA2BEB5BE90081DD85 /* JsonReader+Extension.swift */,
				87ACE8652BECA3C60028EC64 /* Color+ Extension.swift */,
				87ACE8672BECA5710028EC64 /* PokemonType + Extension.swift */,
				87ACE8692BECC7C30028EC64 /* Move + Extension.swift */,
			);
			path = Extensions;
			sourceTree = "<group>";
		};
		876A7A182BD299A500E8E210 /* PokemonGridScreen */ = {
			isa = PBXGroup;
			children = (
				876A7A1C2BD29E8400E8E210 /* Views */,
				876A7A1A2BD299CD00E8E210 /* PokemonGridScreen.swift */,
			);
			path = PokemonGridScreen;
			sourceTree = "<group>";
		};
		876A7A1C2BD29E8400E8E210 /* Views */ = {
			isa = PBXGroup;
			children = (
				876A7A1D2BD29E9A00E8E210 /* PokemonGridListView.swift */,
				876A7A1F2BD29ECF00E8E210 /* PokemonGridCell.swift */,
			);
			path = Views;
			sourceTree = "<group>";
		};
		876A7A212BD2A7C100E8E210 /* Shared */ = {
			isa = PBXGroup;
			children = (
				876A79DB2BD0154700E8E210 /* PaginatedList.swift */,
				876A7A052BD27BF200E8E210 /* ListAbilitiyView */,
				87DADE672BD7C62C00457062 /* DamageClassViews */,
				874FB3B32BD4D3BA00B9F232 /* ScrollPickerView.swift */,
				876A79ED2BD103FE00E8E210 /* ScaleAsyncImage.swift */,
				870BE8B02BE210F000D6B1BF /* CachedImageAsync.swift */,
				870BE8B22BE2111100D6B1BF /* PokeballImageAsync.swift */,
				870BE8BC2BE250F900D6B1BF /* SelectionIndicatorView.swift */,
				870BE8C02BE2598400D6B1BF /* ItemCell.swift */,
				87ACE86B2BECC99C0028EC64 /* ShrinkText.swift */,
				87ACE8762BEDEFE10028EC64 /* PokemonTypeListView.swift */,
			);
			path = Shared;
			sourceTree = "<group>";
		};
		876A7A222BD2AE5100E8E210 /* Views */ = {
			isa = PBXGroup;
			children = (
				876A79DF2BD01A2B00E8E210 /* PokemonScrollScreen.swift */,
				876A79DD2BD0183600E8E210 /* PokemonScrollCell.swift */,
				87DADE942BD913E500457062 /* PokemonListScrolledContent.swift */,
			);
			path = Views;
			sourceTree = "<group>";
		};
		876A7ABD2BD3D49D00E8E210 /* EvolutionListView */ = {
			isa = PBXGroup;
			children = (
				876A7ABE2BD3D4B100E8E210 /* EvolutionListView.swift */,
				876A7AC52BD3E67F00E8E210 /* EvolutionListViewCell.swift */,
			);
			path = EvolutionListView;
			sourceTree = "<group>";
		};
		877BA8EC2BE0E09E00374D74 /* PokemonItemScreen */ = {
			isa = PBXGroup;
			children = (
				87DADEF22BE0AFC500457062 /* ItemScrolledContent.swift */,
				877BA8ED2BE0E0BF00374D74 /* PokemonItemScreen.swift */,
			);
			path = PokemonItemScreen;
			sourceTree = "<group>";
		};
		878D73812BD5391300DAE405 /* Views */ = {
			isa = PBXGroup;
			children = (
				878D73892BD5408800DAE405 /* MoveViewCell.swift */,
				871DE6122BEA209C0009C885 /* MoveMethodList.swift */,
			);
			path = Views;
			sourceTree = "<group>";
		};
		878D738E2BD54DD500DAE405 /* PokemonMoveScreen */ = {
			isa = PBXGroup;
			children = (
				87DADE5E2BD7C43900457062 /* Models */,
				878D73822BD5392D00DAE405 /* MoveScreen.swift */,
				878D73812BD5391300DAE405 /* Views */,
			);
			path = PokemonMoveScreen;
			sourceTree = "<group>";
		};
		878D738F2BD54E7600DAE405 /* PokemonDescriptionsScreen */ = {
			isa = PBXGroup;
			children = (
				874FB3B12BD4C12F00B9F232 /* DescriptionScreen.swift */,
				878D73902BD54E8300DAE405 /* Views */,
			);
			path = PokemonDescriptionsScreen;
			sourceTree = "<group>";
		};
		878D73902BD54E8300DAE405 /* Views */ = {
			isa = PBXGroup;
			children = (
			);
			path = Views;
			sourceTree = "<group>";
		};
		87ACE86D2BECD4290028EC64 /* PokemonShareTeam */ = {
			isa = PBXGroup;
			children = (
				87ACE86E2BECD46D0028EC64 /* StartSharingView.swift */,
				87ACE8702BECDC610028EC64 /* SearchingUserView.swift */,
			);
			path = PokemonShareTeam;
			sourceTree = "<group>";
		};
		87DADE592BD7BFDA00457062 /* PokemonMoveDetailsScreen */ = {
			isa = PBXGroup;
			children = (
				87DADE5A2BD7BFF300457062 /* PokemonMoveDetailsScreen.swift */,
			);
			path = PokemonMoveDetailsScreen;
			sourceTree = "<group>";
		};
		87DADE5E2BD7C43900457062 /* Models */ = {
			isa = PBXGroup;
			children = (
				87DADE5F2BD7C44100457062 /* MoveItemDataHolder.swift */,
				87DADE612BD7C45100457062 /* MoveNameItem.swift */,
				87DADE632BD7C46300457062 /* MoveEffectItem.swift */,
				87DADE652BD7C48600457062 /* MoveMachineModel.swift */,
				87DADE752BD7DC0000457062 /* MoveDamageType.swift */,
			);
			path = Models;
			sourceTree = "<group>";
		};
		87DADE672BD7C62C00457062 /* DamageClassViews */ = {
			isa = PBXGroup;
			children = (
				87DADE722BD7D8A400457062 /* SpecialMoveView */,
				87DADE6F2BD7D86B00457062 /* StatusMoveView */,
				87DADE6C2BD7D83D00457062 /* PhysicalMoveView */,
			);
			path = DamageClassViews;
			sourceTree = "<group>";
		};
		87DADE6C2BD7D83D00457062 /* PhysicalMoveView */ = {
			isa = PBXGroup;
			children = (
				87DADE682BD7C64F00457062 /* PhysicalMoveShape.swift */,
				87DADE6D2BD7D85500457062 /* PhysicalMoveView.swift */,
			);
			path = PhysicalMoveView;
			sourceTree = "<group>";
		};
		87DADE6F2BD7D86B00457062 /* StatusMoveView */ = {
			isa = PBXGroup;
			children = (
				87DADE6A2BD7CCE200457062 /* StatusMoveShape.swift */,
				87DADE702BD7D89200457062 /* StatusMoveView.swift */,
			);
			path = StatusMoveView;
			sourceTree = "<group>";
		};
		87DADE722BD7D8A400457062 /* SpecialMoveView */ = {
			isa = PBXGroup;
			children = (
				87DADE732BD7D8B200457062 /* SpecialMoveShape.swift */,
			);
			path = SpecialMoveView;
			sourceTree = "<group>";
		};
		87DADE892BD8DE1100457062 /* PokedexScreen */ = {
			isa = PBXGroup;
			children = (
				87DADE8A2BD8DE1F00457062 /* PokedexScreen.swift */,
			);
			path = PokedexScreen;
			sourceTree = "<group>";
		};
		87DADE8C2BD8DE5200457062 /* PokemonTeamsScreen */ = {
			isa = PBXGroup;
			children = (
				87DADE8F2BD8DF3700457062 /* Views */,
				87DADE8D2BD8DE6E00457062 /* PokemonTeamsScreen.swift */,
			);
			path = PokemonTeamsScreen;
			sourceTree = "<group>";
		};
		87DADE8F2BD8DF3700457062 /* Views */ = {
			isa = PBXGroup;
			children = (
				87DADEC22BDA30D800457062 /* PokemonTeamListView */,
				87DADE9E2BD93EDB00457062 /* PokemonBeltView.swift */,
				87DADE992BD91E4300457062 /* PokeballView */,
				87DADE9C2BD92CDD00457062 /* PokeballView.swift */,
			);
			path = Views;
			sourceTree = "<group>";
		};
		87DADE982BD914CD00457062 /* PokemonSelectionGridScreen */ = {
			isa = PBXGroup;
			children = (
				87DADE962BD9145B00457062 /* PokemonSelectionGridScreen.swift */,
				87DADEA02BD93F2D00457062 /* PokemonSelectionGridCell.swift */,
			);
			path = PokemonSelectionGridScreen;
			sourceTree = "<group>";
		};
		87DADE992BD91E4300457062 /* PokeballView */ = {
			isa = PBXGroup;
			children = (
				87DADE9A2BD91E5F00457062 /* PokeBallOuterShape.swift */,
			);
			path = PokeballView;
			sourceTree = "<group>";
		};
		87DADEC22BDA30D800457062 /* PokemonTeamListView */ = {
			isa = PBXGroup;
			children = (
				87DADEA22BD94EB500457062 /* PokemonTeamCell.swift */,
				87DADE902BD8DF4800457062 /* PokemonTeamsListView.swift */,
			);
			path = PokemonTeamListView;
			sourceTree = "<group>";
		};
		87DADEC32BDA30EE00457062 /* PokemonSelectionMoveListScreen */ = {
			isa = PBXGroup;
			children = (
				87DADEC42BDA310700457062 /* PokemonSelectionMoveListScreen.swift */,
				87DADEC62BDA40D000457062 /* ListMoveCellView.swift */,
			);
			path = PokemonSelectionMoveListScreen;
			sourceTree = "<group>";
		};
		87DADEC82BDA8B5000457062 /* PokemonTeamPreviewScreen */ = {
			isa = PBXGroup;
			children = (
				87DADEA62BD959C000457062 /* PokemonTeamPreviewScreen.swift */,
				87DADEC92BDA8B7500457062 /* MoveSectionContentCell.swift */,
			);
			path = PokemonTeamPreviewScreen;
			sourceTree = "<group>";
		};
		87DADECE2BDDFD3000457062 /* PokemonAbilitySelectionScreen */ = {
			isa = PBXGroup;
			children = (
				87DADED12BDE03DC00457062 /* Model */,
				87DADECF2BDDFD5B00457062 /* PokemonAbilitySelectionScreen.swift */,
			);
			path = PokemonAbilitySelectionScreen;
			sourceTree = "<group>";
		};
		87DADED12BDE03DC00457062 /* Model */ = {
			isa = PBXGroup;
			children = (
				87DADED22BDE03E900457062 /* PokemonAbilitySelectionModel.swift */,
			);
			path = Model;
			sourceTree = "<group>";
		};
		87DADEE02BDE267200457062 /* PokemonNatureSelectionScreen */ = {
			isa = PBXGroup;
			children = (
				87DADEE12BDE269700457062 /* PokemonNatureSelectionScreen.swift */,
			);
			path = PokemonNatureSelectionScreen;
			sourceTree = "<group>";
		};
		87DADEE32BDE398100457062 /* VarietiesListView */ = {
			isa = PBXGroup;
			children = (
				87DADEE42BDE39B000457062 /* VarietiesListView.swift */,
			);
			path = VarietiesListView;
			sourceTree = "<group>";
		};
		87DADEF12BE0AF9F00457062 /* PokemonItemSelectionScreen */ = {
			isa = PBXGroup;
			children = (
				877BA8F42BE0E28600374D74 /* PokemonItemSelectionScreen.swift */,
			);
			path = PokemonItemSelectionScreen;
			sourceTree = "<group>";
		};
/* End PBXGroup section */

/* Begin PBXNativeTarget section */
		876A79902BCFEB3800E8E210 /* PokedexIOS */ = {
			isa = PBXNativeTarget;
			buildConfigurationList = 876A79A52BCFEB3B00E8E210 /* Build configuration list for PBXNativeTarget "PokedexIOS" */;
			buildPhases = (
				876A798D2BCFEB3800E8E210 /* Sources */,
				876A798E2BCFEB3800E8E210 /* Frameworks */,
				876A798F2BCFEB3800E8E210 /* Resources */,
				871ADCB22BE8E3EA0017C9D3 /* Crashlytics */,
			);
			buildRules = (
			);
			dependencies = (
			);
			name = PokedexIOS;
			packageProductDependencies = (
				870BE8B72BE21D5100D6B1BF /* OggDecoder */,
				871ADCAD2BE8E2B30017C9D3 /* FirebaseAnalytics */,
				871ADCAF2BE8E2B30017C9D3 /* FirebaseCrashlytics */,
				87313BCD2BEB5D3E0081DD85 /* Resources */,
				87313BD02BEB65240081DD85 /* Tools */,
				87313BD82BEB71010081DD85 /* DI */,
			);
			productName = PokedexIOS;
			productReference = 876A79912BCFEB3800E8E210 /* Mobile Pokedex.app */;
			productType = "com.apple.product-type.application";
		};
/* End PBXNativeTarget section */

/* Begin PBXProject section */
		876A79892BCFEB3800E8E210 /* Project object */ = {
			isa = PBXProject;
			attributes = {
				BuildIndependentTargetsInParallel = 1;
				LastSwiftUpdateCheck = 1530;
				LastUpgradeCheck = 1530;
				TargetAttributes = {
					876A79902BCFEB3800E8E210 = {
						CreatedOnToolsVersion = 15.3;
					};
				};
			};
			buildConfigurationList = 876A798C2BCFEB3800E8E210 /* Build configuration list for PBXProject "PokedexIOS" */;
			compatibilityVersion = "Xcode 14.0";
			developmentRegion = en;
			hasScannedForEncodings = 0;
			knownRegions = (
				en,
				Base,
			);
			mainGroup = 876A79882BCFEB3800E8E210;
			packageReferences = (
				870BE8B62BE21D5100D6B1BF /* XCRemoteSwiftPackageReference "OggDecoder" */,
				871ADCAC2BE8E2B30017C9D3 /* XCRemoteSwiftPackageReference "firebase-ios-sdk" */,
				87313BCC2BEB5D3E0081DD85 /* XCLocalSwiftPackageReference "Resources" */,
				87313BCF2BEB65240081DD85 /* XCLocalSwiftPackageReference "Tools" */,
				87313BD72BEB71010081DD85 /* XCLocalSwiftPackageReference "DI" */,
			);
			productRefGroup = 876A79922BCFEB3800E8E210 /* Products */;
			projectDirPath = "";
			projectRoot = "";
			targets = (
				876A79902BCFEB3800E8E210 /* PokedexIOS */,
			);
		};
/* End PBXProject section */

/* Begin PBXResourcesBuildPhase section */
		876A798F2BCFEB3800E8E210 /* Resources */ = {
			isa = PBXResourcesBuildPhase;
			buildActionMask = 2147483647;
			files = (
				876A79A22BCFEB3B00E8E210 /* Preview Assets.xcassets in Resources */,
				871ADCA52BE8E1A10017C9D3 /* GoogleService-Info.plist in Resources */,
				876A799E2BCFEB3B00E8E210 /* Assets.xcassets in Resources */,
			);
			runOnlyForDeploymentPostprocessing = 0;
		};
/* End PBXResourcesBuildPhase section */

/* Begin PBXShellScriptBuildPhase section */
		871ADCB22BE8E3EA0017C9D3 /* Crashlytics */ = {
			isa = PBXShellScriptBuildPhase;
			buildActionMask = 2147483647;
			files = (
			);
			inputFileListPaths = (
			);
			inputPaths = (
				"${DWARF_DSYM_FOLDER_PATH}/${DWARF_DSYM_FILE_NAME}",
				"${DWARF_DSYM_FOLDER_PATH}/${DWARF_DSYM_FILE_NAME}/Contents/Resources/DWARF/${PRODUCT_NAME}",
				"${DWARF_DSYM_FOLDER_PATH}/${DWARF_DSYM_FILE_NAME}/Contents/Info.plist",
				"$(TARGET_BUILD_DIR)/$(UNLOCALIZED_RESOURCES_FOLDER_PATH)/GoogleService-Info.plist",
				"$(TARGET_BUILD_DIR)/$(EXECUTABLE_PATH)",
			);
			name = Crashlytics;
			outputFileListPaths = (
			);
			outputPaths = (
			);
			runOnlyForDeploymentPostprocessing = 0;
			shellPath = /bin/sh;
			shellScript = "# Type a script or drag a script file from your workspace to insert its path.\n\"${BUILD_DIR%/Build/*}/SourcePackages/checkouts/firebase-ios-sdk/Crashlytics/run\"\n";
		};
/* End PBXShellScriptBuildPhase section */

/* Begin PBXSourcesBuildPhase section */
		876A798D2BCFEB3800E8E210 /* Sources */ = {
			isa = PBXSourcesBuildPhase;
			buildActionMask = 2147483647;
			files = (
				870BE8BF2BE2522000D6B1BF /* SelectableCellModifier.swift in Sources */,
				874FB3B42BD4D3BA00B9F232 /* ScrollPickerView.swift in Sources */,
				87DADE8E2BD8DE6E00457062 /* PokemonTeamsScreen.swift in Sources */,
				870BE8B12BE210F000D6B1BF /* CachedImageAsync.swift in Sources */,
				87E0CFD22BE4E15C004D66AC /* NeworkContentViewModifier.swift in Sources */,
				87DADE662BD7C48600457062 /* MoveMachineModel.swift in Sources */,
				876A79F12BD1045800E8E210 /* GenModel.swift in Sources */,
				876A79952BCFEB3800E8E210 /* PokedexIOSApp.swift in Sources */,
				876A79E32BD01BD500E8E210 /* LocalPokemon.swift in Sources */,
				87DADE972BD9145B00457062 /* PokemonSelectionGridScreen.swift in Sources */,
				87DADE9F2BD93EDB00457062 /* PokemonBeltView.swift in Sources */,
				876A7AC62BD3E67F00E8E210 /* EvolutionListViewCell.swift in Sources */,
				87313BCB2BEB5BE90081DD85 /* JsonReader+Extension.swift in Sources */,
				876A7A1E2BD29E9A00E8E210 /* PokemonGridListView.swift in Sources */,
				87DADECA2BDA8B7500457062 /* MoveSectionContentCell.swift in Sources */,
				877BA8EE2BE0E0BF00374D74 /* PokemonItemScreen.swift in Sources */,
				876A79DE2BD0183600E8E210 /* PokemonScrollCell.swift in Sources */,
				878D738D2BD54DA000DAE405 /* MoveRoute.swift in Sources */,
				877BA8F52BE0E28600374D74 /* PokemonItemSelectionScreen.swift in Sources */,
				874FB3B22BD4C12F00B9F232 /* DescriptionScreen.swift in Sources */,
				87DADEA52BD9596900457062 /* AddAttackRoute.swift in Sources */,
				871ADCB52BE9F9930017C9D3 /* View + Extension.swift in Sources */,
				878D73942BD6567B00DAE405 /* String+Extension.swift in Sources */,
				87DADE9D2BD92CDD00457062 /* PokeballView.swift in Sources */,
				87313BBD2BEA9FC60081DD85 /* SDTeam+Extensions.swift in Sources */,
				876A7A202BD29ECF00E8E210 /* PokemonGridCell.swift in Sources */,
				87DADED72BDE0DE400457062 /* AddAbilityRoute.swift in Sources */,
				87DADEE92BDF994B00457062 /* AddNatureRoute.swift in Sources */,
				876A7A1B2BD299CD00E8E210 /* PokemonGridScreen.swift in Sources */,
				87ACE86F2BECD46D0028EC64 /* StartSharingView.swift in Sources */,
				87ACE8732BED0A060028EC64 /* PairingAlertModifier.swift in Sources */,
				870BE8BB2BE2247300D6B1BF /* MutableModifier.swift in Sources */,
				87DADEC12BDA2CDF00457062 /* ModelContext + Extensions.swift in Sources */,
				87ACE8712BECDC610028EC64 /* SearchingUserView.swift in Sources */,
				87DADE602BD7C44100457062 /* MoveItemDataHolder.swift in Sources */,
				870BE8B32BE2111100D6B1BF /* PokeballImageAsync.swift in Sources */,
				87313BC72BEAA47B0081DD85 /* ScrollFetchItemQuery + Extension.swift in Sources */,
				87DADEBF2BDA2A4E00457062 /* PreviewRoute.swift in Sources */,
				87DADE6E2BD7D85500457062 /* PhysicalMoveView.swift in Sources */,
				87DADE742BD7D8B200457062 /* SpecialMoveShape.swift in Sources */,
				87DADE642BD7C46300457062 /* MoveEffectItem.swift in Sources */,
				87DADE952BD913E500457062 /* PokemonListScrolledContent.swift in Sources */,
				87ACE86C2BECC99C0028EC64 /* ShrinkText.swift in Sources */,
				876A7A042BD2793B00E8E210 /* PokemonAbilityView.swift in Sources */,
				87DADE5B2BD7BFF300457062 /* PokemonMoveDetailsScreen.swift in Sources */,
				87ACE86A2BECC7C30028EC64 /* Move + Extension.swift in Sources */,
				870BE8BD2BE250F900D6B1BF /* SelectionIndicatorView.swift in Sources */,
				876A79E82BD03A0F00E8E210 /* PokemonGenerationSegmentView.swift in Sources */,
				87DADED32BDE03E900457062 /* PokemonAbilitySelectionModel.swift in Sources */,
				876A7A132BD283F200E8E210 /* PokemonAbitilyDetails.swift in Sources */,
				87DADE622BD7C45100457062 /* MoveNameItem.swift in Sources */,
				876A7AC42BD3DEF300E8E210 /* SpeciesModel.swift in Sources */,
				878D73832BD5392D00DAE405 /* MoveScreen.swift in Sources */,
				87313BC92BEAA4F90081DD85 /* EnvironmentValues + Extension.swift in Sources */,
				87ACE8752BED0CFE0028EC64 /* ShareTeamRoute.swift in Sources */,
				876A79DC2BD0154700E8E210 /* PaginatedList.swift in Sources */,
				87DADE932BD8E36900457062 /* AddTeamRoute.swift in Sources */,
				87ACE8772BEDEFE10028EC64 /* PokemonTypeListView.swift in Sources */,
				87DADE692BD7C64F00457062 /* PhysicalMoveShape.swift in Sources */,
				87313BC32BEAA0B50081DD85 /* PokemonNameReader+Extension.swift in Sources */,
				876A79FC2BD113FA00E8E210 /* StatBackgroundShape.swift in Sources */,
				87DADEF32BE0AFC500457062 /* ItemScrolledContent.swift in Sources */,
				870BE8AF2BE0EEFB00D6B1BF /* AddItemRoute.swift in Sources */,
				876A79F52BD1048500E8E210 /* PokemonDetailsProvider.swift in Sources */,
				874FB3AF2BD4C09200B9F232 /* DescriptionByVersionModel.swift in Sources */,
				87DADE762BD7DC0000457062 /* MoveDamageType.swift in Sources */,
				876A79F72BD1061600E8E210 /* PokemonDisplayStat.swift in Sources */,
				876A79EE2BD103FE00E8E210 /* ScaleAsyncImage.swift in Sources */,
				876A7A072BD27C1400E8E210 /* PokemonListAbilityView.swift in Sources */,
				876A79F32BD1046900E8E210 /* SegmentData.swift in Sources */,
				87DADEE52BDE39B000457062 /* VarietiesListView.swift in Sources */,
				87DADE6B2BD7CCE200457062 /* StatusMoveShape.swift in Sources */,
				87E6C5812BE2CDD900D8AD4F /* LoadingModifier.swift in Sources */,
				870BE8C12BE2598400D6B1BF /* ItemCell.swift in Sources */,
				87DADE5D2BD7C0D800457062 /* MoveDetailsRoute.swift in Sources */,
				87DADEA72BD959C000457062 /* PokemonTeamPreviewScreen.swift in Sources */,
				87DADE9B2BD91E5F00457062 /* PokeBallOuterShape.swift in Sources */,
				876A7ABF2BD3D4B100E8E210 /* EvolutionListView.swift in Sources */,
				87ACE8682BECA5710028EC64 /* PokemonType + Extension.swift in Sources */,
				876A79E02BD01A2B00E8E210 /* PokemonScrollScreen.swift in Sources */,
				878D73922BD54EC700DAE405 /* DescriptionRoute.swift in Sources */,
				87DADEA32BD94EB500457062 /* PokemonTeamCell.swift in Sources */,
				87DADED02BDDFD5B00457062 /* PokemonAbilitySelectionScreen.swift in Sources */,
				87DADEC52BDA310700457062 /* PokemonSelectionMoveListScreen.swift in Sources */,
				876A799C2BCFEB3800E8E210 /* RootView.swift in Sources */,
				876A79FA2BD1070700E8E210 /* StatShape.swift in Sources */,
				87DADEA12BD93F2D00457062 /* PokemonSelectionGridCell.swift in Sources */,
				876A79E62BD039DF00E8E210 /* PokemonDetailScreen.swift in Sources */,
				87DADE8B2BD8DE1F00457062 /* PokedexScreen.swift in Sources */,
				87DADE912BD8DF4800457062 /* PokemonTeamsListView.swift in Sources */,
				876A79FE2BD1141300E8E210 /* PokemonStatView.swift in Sources */,
				87DADE712BD7D89200457062 /* StatusMoveView.swift in Sources */,
				87313BBF2BEAA0220081DD85 /* Preview+Extension.swift in Sources */,
				87DADEE22BDE269700457062 /* PokemonNatureSelectionScreen.swift in Sources */,
				87DADEC72BDA40D000457062 /* ListMoveCellView.swift in Sources */,
				878D738A2BD5408800DAE405 /* MoveViewCell.swift in Sources */,
				87313BC52BEAA4520081DD85 /* ScrollFetchPokemonQuery+Extensions.swift in Sources */,
				87ACE8662BECA3C60028EC64 /* Color+ Extension.swift in Sources */,
				871DE6132BEA209C0009C885 /* MoveMethodList.swift in Sources */,
			);
			runOnlyForDeploymentPostprocessing = 0;
		};
/* End PBXSourcesBuildPhase section */

/* Begin XCBuildConfiguration section */
		876A79A32BCFEB3B00E8E210 /* Debug */ = {
			isa = XCBuildConfiguration;
			buildSettings = {
				ALWAYS_SEARCH_USER_PATHS = NO;
				ASSETCATALOG_COMPILER_GENERATE_SWIFT_ASSET_SYMBOL_EXTENSIONS = YES;
				CLANG_ANALYZER_NONNULL = YES;
				CLANG_ANALYZER_NUMBER_OBJECT_CONVERSION = YES_AGGRESSIVE;
				CLANG_CXX_LANGUAGE_STANDARD = "gnu++20";
				CLANG_ENABLE_MODULES = YES;
				CLANG_ENABLE_OBJC_ARC = YES;
				CLANG_ENABLE_OBJC_WEAK = YES;
				CLANG_WARN_BLOCK_CAPTURE_AUTORELEASING = YES;
				CLANG_WARN_BOOL_CONVERSION = YES;
				CLANG_WARN_COMMA = YES;
				CLANG_WARN_CONSTANT_CONVERSION = YES;
				CLANG_WARN_DEPRECATED_OBJC_IMPLEMENTATIONS = YES;
				CLANG_WARN_DIRECT_OBJC_ISA_USAGE = YES_ERROR;
				CLANG_WARN_DOCUMENTATION_COMMENTS = YES;
				CLANG_WARN_EMPTY_BODY = YES;
				CLANG_WARN_ENUM_CONVERSION = YES;
				CLANG_WARN_INFINITE_RECURSION = YES;
				CLANG_WARN_INT_CONVERSION = YES;
				CLANG_WARN_NON_LITERAL_NULL_CONVERSION = YES;
				CLANG_WARN_OBJC_IMPLICIT_RETAIN_SELF = YES;
				CLANG_WARN_OBJC_LITERAL_CONVERSION = YES;
				CLANG_WARN_OBJC_ROOT_CLASS = YES_ERROR;
				CLANG_WARN_QUOTED_INCLUDE_IN_FRAMEWORK_HEADER = YES;
				CLANG_WARN_RANGE_LOOP_ANALYSIS = YES;
				CLANG_WARN_STRICT_PROTOTYPES = YES;
				CLANG_WARN_SUSPICIOUS_MOVE = YES;
				CLANG_WARN_UNGUARDED_AVAILABILITY = YES_AGGRESSIVE;
				CLANG_WARN_UNREACHABLE_CODE = YES;
				CLANG_WARN__DUPLICATE_METHOD_MATCH = YES;
				COPY_PHASE_STRIP = NO;
				DEBUG_INFORMATION_FORMAT = "dwarf-with-dsym";
				ENABLE_STRICT_OBJC_MSGSEND = YES;
				ENABLE_TESTABILITY = YES;
				ENABLE_USER_SCRIPT_SANDBOXING = YES;
				GCC_C_LANGUAGE_STANDARD = gnu17;
				GCC_DYNAMIC_NO_PIC = NO;
				GCC_NO_COMMON_BLOCKS = YES;
				GCC_OPTIMIZATION_LEVEL = 0;
				GCC_PREPROCESSOR_DEFINITIONS = (
					"DEBUG=1",
					"$(inherited)",
				);
				GCC_WARN_64_TO_32_BIT_CONVERSION = YES;
				GCC_WARN_ABOUT_RETURN_TYPE = YES_ERROR;
				GCC_WARN_UNDECLARED_SELECTOR = YES;
				GCC_WARN_UNINITIALIZED_AUTOS = YES_AGGRESSIVE;
				GCC_WARN_UNUSED_FUNCTION = YES;
				GCC_WARN_UNUSED_VARIABLE = YES;
				LOCALIZATION_PREFERS_STRING_CATALOGS = YES;
				MTL_ENABLE_DEBUG_INFO = INCLUDE_SOURCE;
				MTL_FAST_MATH = YES;
				ONLY_ACTIVE_ARCH = YES;
				OTHER_LDFLAGS = "-Objc";
				PRODUCT_NAME = MobilePokedex;
				SWIFT_ACTIVE_COMPILATION_CONDITIONS = "DEBUG $(inherited)";
				SWIFT_OPTIMIZATION_LEVEL = "-Onone";
			};
			name = Debug;
		};
		876A79A42BCFEB3B00E8E210 /* Release */ = {
			isa = XCBuildConfiguration;
			buildSettings = {
				ALWAYS_SEARCH_USER_PATHS = NO;
				ASSETCATALOG_COMPILER_GENERATE_SWIFT_ASSET_SYMBOL_EXTENSIONS = YES;
				CLANG_ANALYZER_NONNULL = YES;
				CLANG_ANALYZER_NUMBER_OBJECT_CONVERSION = YES_AGGRESSIVE;
				CLANG_CXX_LANGUAGE_STANDARD = "gnu++20";
				CLANG_ENABLE_MODULES = YES;
				CLANG_ENABLE_OBJC_ARC = YES;
				CLANG_ENABLE_OBJC_WEAK = YES;
				CLANG_WARN_BLOCK_CAPTURE_AUTORELEASING = YES;
				CLANG_WARN_BOOL_CONVERSION = YES;
				CLANG_WARN_COMMA = YES;
				CLANG_WARN_CONSTANT_CONVERSION = YES;
				CLANG_WARN_DEPRECATED_OBJC_IMPLEMENTATIONS = YES;
				CLANG_WARN_DIRECT_OBJC_ISA_USAGE = YES_ERROR;
				CLANG_WARN_DOCUMENTATION_COMMENTS = YES;
				CLANG_WARN_EMPTY_BODY = YES;
				CLANG_WARN_ENUM_CONVERSION = YES;
				CLANG_WARN_INFINITE_RECURSION = YES;
				CLANG_WARN_INT_CONVERSION = YES;
				CLANG_WARN_NON_LITERAL_NULL_CONVERSION = YES;
				CLANG_WARN_OBJC_IMPLICIT_RETAIN_SELF = YES;
				CLANG_WARN_OBJC_LITERAL_CONVERSION = YES;
				CLANG_WARN_OBJC_ROOT_CLASS = YES_ERROR;
				CLANG_WARN_QUOTED_INCLUDE_IN_FRAMEWORK_HEADER = YES;
				CLANG_WARN_RANGE_LOOP_ANALYSIS = YES;
				CLANG_WARN_STRICT_PROTOTYPES = YES;
				CLANG_WARN_SUSPICIOUS_MOVE = YES;
				CLANG_WARN_UNGUARDED_AVAILABILITY = YES_AGGRESSIVE;
				CLANG_WARN_UNREACHABLE_CODE = YES;
				CLANG_WARN__DUPLICATE_METHOD_MATCH = YES;
				COPY_PHASE_STRIP = NO;
				DEBUG_INFORMATION_FORMAT = "dwarf-with-dsym";
				ENABLE_NS_ASSERTIONS = NO;
				ENABLE_STRICT_OBJC_MSGSEND = YES;
				ENABLE_USER_SCRIPT_SANDBOXING = YES;
				GCC_C_LANGUAGE_STANDARD = gnu17;
				GCC_NO_COMMON_BLOCKS = YES;
				GCC_WARN_64_TO_32_BIT_CONVERSION = YES;
				GCC_WARN_ABOUT_RETURN_TYPE = YES_ERROR;
				GCC_WARN_UNDECLARED_SELECTOR = YES;
				GCC_WARN_UNINITIALIZED_AUTOS = YES_AGGRESSIVE;
				GCC_WARN_UNUSED_FUNCTION = YES;
				GCC_WARN_UNUSED_VARIABLE = YES;
				LOCALIZATION_PREFERS_STRING_CATALOGS = YES;
				MTL_ENABLE_DEBUG_INFO = NO;
				MTL_FAST_MATH = YES;
				OTHER_LDFLAGS = "-Objc";
				PRODUCT_NAME = MobilePokedex;
				SWIFT_COMPILATION_MODE = wholemodule;
			};
			name = Release;
		};
		876A79A62BCFEB3B00E8E210 /* Debug */ = {
			isa = XCBuildConfiguration;
			buildSettings = {
				ASSETCATALOG_COMPILER_APPICON_NAME = AppIcon;
				ASSETCATALOG_COMPILER_GLOBAL_ACCENT_COLOR_NAME = AccentColor;
				CODE_SIGN_ENTITLEMENTS = PokedexIOS/PokedexIOS.entitlements;
				CODE_SIGN_STYLE = Automatic;
				CURRENT_PROJECT_VERSION = 1;
				DEVELOPMENT_ASSET_PATHS = "\"PokedexIOS/Preview Content\"";
				DEVELOPMENT_TEAM = STFH26U9BW;
				ENABLE_HARDENED_RUNTIME = YES;
				ENABLE_PREVIEWS = YES;
				GENERATE_INFOPLIST_FILE = YES;
				INFOPLIST_FILE = PokedexIOS/Info.plist;
				INFOPLIST_KEY_NSLocalNetworkUsageDescription = "In order for the app to be able to share strategic teams, we need your permission to use the device local network.";
				"INFOPLIST_KEY_UIApplicationSceneManifest_Generation[sdk=iphoneos*]" = YES;
				"INFOPLIST_KEY_UIApplicationSceneManifest_Generation[sdk=iphonesimulator*]" = YES;
				"INFOPLIST_KEY_UIApplicationSupportsIndirectInputEvents[sdk=iphoneos*]" = YES;
				"INFOPLIST_KEY_UIApplicationSupportsIndirectInputEvents[sdk=iphonesimulator*]" = YES;
				"INFOPLIST_KEY_UILaunchScreen_Generation[sdk=iphoneos*]" = YES;
				"INFOPLIST_KEY_UILaunchScreen_Generation[sdk=iphonesimulator*]" = YES;
				"INFOPLIST_KEY_UIStatusBarStyle[sdk=iphoneos*]" = UIStatusBarStyleDefault;
				"INFOPLIST_KEY_UIStatusBarStyle[sdk=iphonesimulator*]" = UIStatusBarStyleDefault;
				INFOPLIST_KEY_UISupportedInterfaceOrientations_iPad = "UIInterfaceOrientationPortrait UIInterfaceOrientationPortraitUpsideDown UIInterfaceOrientationLandscapeLeft UIInterfaceOrientationLandscapeRight";
				INFOPLIST_KEY_UISupportedInterfaceOrientations_iPhone = "UIInterfaceOrientationPortrait UIInterfaceOrientationLandscapeLeft UIInterfaceOrientationLandscapeRight";
				IPHONEOS_DEPLOYMENT_TARGET = 17.4;
				LD_RUNPATH_SEARCH_PATHS = "@executable_path/Frameworks";
				"LD_RUNPATH_SEARCH_PATHS[sdk=macosx*]" = "@executable_path/../Frameworks";
				MACOSX_DEPLOYMENT_TARGET = 14.4;
				MARKETING_VERSION = 1.0;
				PRODUCT_BUNDLE_IDENTIFIER = com.moondev.PokedexIOS;
				PRODUCT_NAME = "Mobile Pokedex";
				SDKROOT = auto;
				SUPPORTED_PLATFORMS = "iphoneos iphonesimulator";
				SUPPORTS_MACCATALYST = NO;
				SWIFT_EMIT_LOC_STRINGS = YES;
				SWIFT_VERSION = 5.0;
				TARGETED_DEVICE_FAMILY = "1,2";
			};
			name = Debug;
		};
		876A79A72BCFEB3B00E8E210 /* Release */ = {
			isa = XCBuildConfiguration;
			buildSettings = {
				ASSETCATALOG_COMPILER_APPICON_NAME = AppIcon;
				ASSETCATALOG_COMPILER_GLOBAL_ACCENT_COLOR_NAME = AccentColor;
				CODE_SIGN_ENTITLEMENTS = PokedexIOS/PokedexIOS.entitlements;
				CODE_SIGN_STYLE = Automatic;
				CURRENT_PROJECT_VERSION = 1;
				DEVELOPMENT_ASSET_PATHS = "\"PokedexIOS/Preview Content\"";
				DEVELOPMENT_TEAM = STFH26U9BW;
				ENABLE_HARDENED_RUNTIME = YES;
				ENABLE_PREVIEWS = YES;
				GENERATE_INFOPLIST_FILE = YES;
				INFOPLIST_FILE = PokedexIOS/Info.plist;
				INFOPLIST_KEY_NSLocalNetworkUsageDescription = "In order for the app to be able to share strategic teams, we need your permission to use the device local network.";
				"INFOPLIST_KEY_UIApplicationSceneManifest_Generation[sdk=iphoneos*]" = YES;
				"INFOPLIST_KEY_UIApplicationSceneManifest_Generation[sdk=iphonesimulator*]" = YES;
				"INFOPLIST_KEY_UIApplicationSupportsIndirectInputEvents[sdk=iphoneos*]" = YES;
				"INFOPLIST_KEY_UIApplicationSupportsIndirectInputEvents[sdk=iphonesimulator*]" = YES;
				"INFOPLIST_KEY_UILaunchScreen_Generation[sdk=iphoneos*]" = YES;
				"INFOPLIST_KEY_UILaunchScreen_Generation[sdk=iphonesimulator*]" = YES;
				"INFOPLIST_KEY_UIStatusBarStyle[sdk=iphoneos*]" = UIStatusBarStyleDefault;
				"INFOPLIST_KEY_UIStatusBarStyle[sdk=iphonesimulator*]" = UIStatusBarStyleDefault;
				INFOPLIST_KEY_UISupportedInterfaceOrientations_iPad = "UIInterfaceOrientationPortrait UIInterfaceOrientationPortraitUpsideDown UIInterfaceOrientationLandscapeLeft UIInterfaceOrientationLandscapeRight";
				INFOPLIST_KEY_UISupportedInterfaceOrientations_iPhone = "UIInterfaceOrientationPortrait UIInterfaceOrientationLandscapeLeft UIInterfaceOrientationLandscapeRight";
				IPHONEOS_DEPLOYMENT_TARGET = 17.4;
				LD_RUNPATH_SEARCH_PATHS = "@executable_path/Frameworks";
				"LD_RUNPATH_SEARCH_PATHS[sdk=macosx*]" = "@executable_path/../Frameworks";
				MACOSX_DEPLOYMENT_TARGET = 14.4;
				MARKETING_VERSION = 1.0;
				PRODUCT_BUNDLE_IDENTIFIER = com.moondev.PokedexIOS;
				PRODUCT_NAME = "Mobile Pokedex";
				SDKROOT = auto;
				SUPPORTED_PLATFORMS = "iphoneos iphonesimulator";
				SUPPORTS_MACCATALYST = NO;
				SWIFT_EMIT_LOC_STRINGS = YES;
				SWIFT_VERSION = 5.0;
				TARGETED_DEVICE_FAMILY = "1,2";
			};
			name = Release;
		};
/* End XCBuildConfiguration section */

/* Begin XCConfigurationList section */
		876A798C2BCFEB3800E8E210 /* Build configuration list for PBXProject "PokedexIOS" */ = {
			isa = XCConfigurationList;
			buildConfigurations = (
				876A79A32BCFEB3B00E8E210 /* Debug */,
				876A79A42BCFEB3B00E8E210 /* Release */,
			);
			defaultConfigurationIsVisible = 0;
			defaultConfigurationName = Release;
		};
		876A79A52BCFEB3B00E8E210 /* Build configuration list for PBXNativeTarget "PokedexIOS" */ = {
			isa = XCConfigurationList;
			buildConfigurations = (
				876A79A62BCFEB3B00E8E210 /* Debug */,
				876A79A72BCFEB3B00E8E210 /* Release */,
			);
			defaultConfigurationIsVisible = 0;
			defaultConfigurationName = Release;
		};
/* End XCConfigurationList section */

/* Begin XCLocalSwiftPackageReference section */
		87313BCC2BEB5D3E0081DD85 /* XCLocalSwiftPackageReference "Resources" */ = {
			isa = XCLocalSwiftPackageReference;
			relativePath = Resources;
		};
		87313BCF2BEB65240081DD85 /* XCLocalSwiftPackageReference "Tools" */ = {
			isa = XCLocalSwiftPackageReference;
			relativePath = Tools;
		};
		87313BD72BEB71010081DD85 /* XCLocalSwiftPackageReference "DI" */ = {
			isa = XCLocalSwiftPackageReference;
			relativePath = DI;
		};
/* End XCLocalSwiftPackageReference section */

/* Begin XCRemoteSwiftPackageReference section */
		870BE8B62BE21D5100D6B1BF /* XCRemoteSwiftPackageReference "OggDecoder" */ = {
			isa = XCRemoteSwiftPackageReference;
			repositoryURL = "https://github.com/arkasas/OggDecoder.git";
			requirement = {
				branch = main;
				kind = branch;
			};
		};
		871ADCAC2BE8E2B30017C9D3 /* XCRemoteSwiftPackageReference "firebase-ios-sdk" */ = {
			isa = XCRemoteSwiftPackageReference;
			repositoryURL = "https://github.com/firebase/firebase-ios-sdk";
			requirement = {
				kind = upToNextMajorVersion;
				minimumVersion = 10.25.0;
			};
		};
/* End XCRemoteSwiftPackageReference section */

/* Begin XCSwiftPackageProductDependency section */
		870BE8B72BE21D5100D6B1BF /* OggDecoder */ = {
			isa = XCSwiftPackageProductDependency;
			package = 870BE8B62BE21D5100D6B1BF /* XCRemoteSwiftPackageReference "OggDecoder" */;
			productName = OggDecoder;
		};
		871ADCAD2BE8E2B30017C9D3 /* FirebaseAnalytics */ = {
			isa = XCSwiftPackageProductDependency;
			package = 871ADCAC2BE8E2B30017C9D3 /* XCRemoteSwiftPackageReference "firebase-ios-sdk" */;
			productName = FirebaseAnalytics;
		};
		871ADCAF2BE8E2B30017C9D3 /* FirebaseCrashlytics */ = {
			isa = XCSwiftPackageProductDependency;
			package = 871ADCAC2BE8E2B30017C9D3 /* XCRemoteSwiftPackageReference "firebase-ios-sdk" */;
			productName = FirebaseCrashlytics;
		};
		87313BCD2BEB5D3E0081DD85 /* Resources */ = {
			isa = XCSwiftPackageProductDependency;
			productName = Resources;
		};
		87313BD02BEB65240081DD85 /* Tools */ = {
			isa = XCSwiftPackageProductDependency;
			productName = Tools;
		};
		87313BD82BEB71010081DD85 /* DI */ = {
			isa = XCSwiftPackageProductDependency;
			productName = DI;
		};
/* End XCSwiftPackageProductDependency section */
	};
	rootObject = 876A79892BCFEB3800E8E210 /* Project object */;
}
